// !$*UTF8*$!
{
	archiveVersion = 1;
	classes = {
	};
	objectVersion = 46;
	objects = {

/* Begin PBXBuildFile section */
		1700E46B1AA44C3800791EDE /* unopremierBG.jpg in Resources */ = {isa = PBXBuildFile; fileRef = 1700E46A1AA44C3800791EDE /* unopremierBG.jpg */; };
		1705D2A01A248CA300037EA0 /* Nutrifab.png in Resources */ = {isa = PBXBuildFile; fileRef = 1705D29D1A248CA300037EA0 /* Nutrifab.png */; };
		1705D2A11A248CA300037EA0 /* procardio.png in Resources */ = {isa = PBXBuildFile; fileRef = 1705D29E1A248CA300037EA0 /* procardio.png */; };
		1705D2A21A248CA300037EA0 /* sante8berries.png in Resources */ = {isa = PBXBuildFile; fileRef = 1705D29F1A248CA300037EA0 /* sante8berries.png */; };
		170DE1DA1A2595C200BC5765 /* button1.png in Resources */ = {isa = PBXBuildFile; fileRef = 170DE1D61A2595C200BC5765 /* button1.png */; };
		170DE1DB1A2595C200BC5765 /* button2.png in Resources */ = {isa = PBXBuildFile; fileRef = 170DE1D71A2595C200BC5765 /* button2.png */; };
		170DE1DC1A2595C200BC5765 /* button3.png in Resources */ = {isa = PBXBuildFile; fileRef = 170DE1D81A2595C200BC5765 /* button3.png */; };
		170DE1DD1A2595C200BC5765 /* button4.png in Resources */ = {isa = PBXBuildFile; fileRef = 170DE1D91A2595C200BC5765 /* button4.png */; };
		170DE1E01A259A0200BC5765 /* buttonDownload.png in Resources */ = {isa = PBXBuildFile; fileRef = 170DE1DE1A259A0200BC5765 /* buttonDownload.png */; };
		170DE1E11A259A0200BC5765 /* buttonView.png in Resources */ = {isa = PBXBuildFile; fileRef = 170DE1DF1A259A0200BC5765 /* buttonView.png */; };
		171496B319CAF26800AC4C3C /* HouseholdTableViewController.m in Sources */ = {isa = PBXBuildFile; fileRef = 171496B219CAF26800AC4C3C /* HouseholdTableViewController.m */; };
		171496B619CB092900AC4C3C /* HealthyDrinksTableViewController.m in Sources */ = {isa = PBXBuildFile; fileRef = 171496B519CB092900AC4C3C /* HealthyDrinksTableViewController.m */; };
		171496B919CB0ABC00AC4C3C /* BeautyProductsTableViewController.m in Sources */ = {isa = PBXBuildFile; fileRef = 171496B819CB0ABC00AC4C3C /* BeautyProductsTableViewController.m */; };
		17175ED41AB0DBAD0052E1B3 /* lejeune.png in Resources */ = {isa = PBXBuildFile; fileRef = 17175ED31AB0DBAD0052E1B3 /* lejeune.png */; };
		1718595D1AB5CD03006E0764 /* bgVer2.jpg in Resources */ = {isa = PBXBuildFile; fileRef = 1718595C1AB5CD03006E0764 /* bgVer2.jpg */; };
		1721F4DD19CCD55D0087AA29 /* playbutton_small.png in Resources */ = {isa = PBXBuildFile; fileRef = 1721F4DC19CCD55D0087AA29 /* playbutton_small.png */; };
		1721F4DF19CCDBE60087AA29 /* downloadicon.png in Resources */ = {isa = PBXBuildFile; fileRef = 1721F4DE19CCDBE60087AA29 /* downloadicon.png */; };
		1721F4E219CCE4430087AA29 /* VideosViewController.m in Sources */ = {isa = PBXBuildFile; fileRef = 1721F4E119CCE4430087AA29 /* VideosViewController.m */; };
		1721F4E519CCE9F50087AA29 /* TenWays1ViewController.m in Sources */ = {isa = PBXBuildFile; fileRef = 1721F4E419CCE9F50087AA29 /* TenWays1ViewController.m */; };
		1721F4E819CD058D0087AA29 /* swipeleft.png in Resources */ = {isa = PBXBuildFile; fileRef = 1721F4E619CD058C0087AA29 /* swipeleft.png */; };
		1721F4E919CD058D0087AA29 /* swiperight.png in Resources */ = {isa = PBXBuildFile; fileRef = 1721F4E719CD058D0087AA29 /* swiperight.png */; };
		1725E8051A0B236D00AA93BA /* Localizable.strings in Resources */ = {isa = PBXBuildFile; fileRef = 1725E8041A0B236C00AA93BA /* Localizable.strings */; };
		172973C519D20B18004CA9CF /* DataViewController.m in Sources */ = {isa = PBXBuildFile; fileRef = 172973C019D20B18004CA9CF /* DataViewController.m */; };
		172973C619D20B18004CA9CF /* ModelController.m in Sources */ = {isa = PBXBuildFile; fileRef = 172973C219D20B18004CA9CF /* ModelController.m */; };
		172973C719D20B18004CA9CF /* RootViewController.m in Sources */ = {isa = PBXBuildFile; fileRef = 172973C419D20B18004CA9CF /* RootViewController.m */; };
		172973C919D2711C004CA9CF /* Default-568h@2x.png in Resources */ = {isa = PBXBuildFile; fileRef = 172973C819D2711B004CA9CF /* Default-568h@2x.png */; };
		1729F46E19D2C81A00B2B2A6 /* DefaultPortrait.png in Resources */ = {isa = PBXBuildFile; fileRef = 1729F46D19D2C81A00B2B2A6 /* DefaultPortrait.png */; };
		1729F47B19D2CB0000B2B2A6 /* DefaultLandScape.png in Resources */ = {isa = PBXBuildFile; fileRef = 1729F47519D2CB0000B2B2A6 /* DefaultLandScape.png */; };
		1729F47C19D2CB0000B2B2A6 /* DefaultLandScapeRetina.png in Resources */ = {isa = PBXBuildFile; fileRef = 1729F47619D2CB0000B2B2A6 /* DefaultLandScapeRetina.png */; };
		1729F47E19D2CB0000B2B2A6 /* DefaultPortraitNR.png in Resources */ = {isa = PBXBuildFile; fileRef = 1729F47819D2CB0000B2B2A6 /* DefaultPortraitNR.png */; };
		172DD8821AB4246C00255D55 /* blankBG.jpg in Resources */ = {isa = PBXBuildFile; fileRef = 172DD8811AB4246C00255D55 /* blankBG.jpg */; };
		172E4B6C19C6765300551E8B /* ThirdViewController.m in Sources */ = {isa = PBXBuildFile; fileRef = 172E4B6B19C6765300551E8B /* ThirdViewController.m */; };
		172E4BE119C67A2500551E8B /* icons_aboutus.png in Resources */ = {isa = PBXBuildFile; fileRef = 172E4BCA19C67A2500551E8B /* icons_aboutus.png */; };
		172E4BE219C67A2500551E8B /* icons_beautyproducts.png in Resources */ = {isa = PBXBuildFile; fileRef = 172E4BCB19C67A2500551E8B /* icons_beautyproducts.png */; };
		172E4BE319C67A2500551E8B /* icons_breakthru.png in Resources */ = {isa = PBXBuildFile; fileRef = 172E4BCC19C67A2500551E8B /* icons_breakthru.png */; };
		172E4BE419C67A2500551E8B /* icons_certificates.png in Resources */ = {isa = PBXBuildFile; fileRef = 172E4BCD19C67A2500551E8B /* icons_certificates.png */; };
		172E4BE519C67A2500551E8B /* icons_conduct.png in Resources */ = {isa = PBXBuildFile; fileRef = 172E4BCE19C67A2500551E8B /* icons_conduct.png */; };
		172E4BE619C67A2500551E8B /* icons_contactus.png in Resources */ = {isa = PBXBuildFile; fileRef = 172E4BCF19C67A2500551E8B /* icons_contactus.png */; };
		172E4BE719C67A2500551E8B /* icons_directmatching.png in Resources */ = {isa = PBXBuildFile; fileRef = 172E4BD019C67A2500551E8B /* icons_directmatching.png */; };
		172E4BE819C67A2500551E8B /* icons_directors.png in Resources */ = {isa = PBXBuildFile; fileRef = 172E4BD119C67A2500551E8B /* icons_directors.png */; };
		172E4BE919C67A2500551E8B /* icons_directselling.png in Resources */ = {isa = PBXBuildFile; fileRef = 172E4BD219C67A2500551E8B /* icons_directselling.png */; };
		172E4BEA19C67A2500551E8B /* icons_directsponsoring.png in Resources */ = {isa = PBXBuildFile; fileRef = 172E4BD319C67A2500551E8B /* icons_directsponsoring.png */; };
		172E4BEB19C67A2500551E8B /* icons_directunilevel.png in Resources */ = {isa = PBXBuildFile; fileRef = 172E4BD419C67A2500551E8B /* icons_directunilevel.png */; };
		172E4BEC19C67A2500551E8B /* icons_foodsupplement.png in Resources */ = {isa = PBXBuildFile; fileRef = 172E4BD519C67A2500551E8B /* icons_foodsupplement.png */; };
		172E4BED19C67A2500551E8B /* icons_generationbonus.png in Resources */ = {isa = PBXBuildFile; fileRef = 172E4BD619C67A2500551E8B /* icons_generationbonus.png */; };
		172E4BEE19C67A2500551E8B /* icons_globalprofitsharing.png in Resources */ = {isa = PBXBuildFile; fileRef = 172E4BD719C67A2500551E8B /* icons_globalprofitsharing.png */; };
		172E4BEF19C67A2500551E8B /* icons_healthydrinks.png in Resources */ = {isa = PBXBuildFile; fileRef = 172E4BD819C67A2500551E8B /* icons_healthydrinks.png */; };
		172E4BF019C67A2500551E8B /* icons_householdproducts.png in Resources */ = {isa = PBXBuildFile; fileRef = 172E4BD919C67A2500551E8B /* icons_householdproducts.png */; };
		172E4BF119C67A2500551E8B /* icons_matchingbonus.png in Resources */ = {isa = PBXBuildFile; fileRef = 172E4BDA19C67A2500551E8B /* icons_matchingbonus.png */; };
		172E4BF219C67A2500551E8B /* icons_mission.png in Resources */ = {isa = PBXBuildFile; fileRef = 172E4BDB19C67A2500551E8B /* icons_mission.png */; };
		172E4BF319C67A2500551E8B /* icons_multilevelmarketing.png in Resources */ = {isa = PBXBuildFile; fileRef = 172E4BDC19C67A2500551E8B /* icons_multilevelmarketing.png */; };
		172E4BF419C67A2500551E8B /* icons_peoplecare.png in Resources */ = {isa = PBXBuildFile; fileRef = 172E4BDD19C67A2500551E8B /* icons_peoplecare.png */; };
		172E4BF519C67A2500551E8B /* icons_supermatching.png in Resources */ = {isa = PBXBuildFile; fileRef = 172E4BDE19C67A2500551E8B /* icons_supermatching.png */; };
		172E4BF619C67A2500551E8B /* icons_unilevel.png in Resources */ = {isa = PBXBuildFile; fileRef = 172E4BDF19C67A2500551E8B /* icons_unilevel.png */; };
		172E4BF719C67A2500551E8B /* tenways_icon.png in Resources */ = {isa = PBXBuildFile; fileRef = 172E4BE019C67A2500551E8B /* tenways_icon.png */; };
		172E4C1019C67F9F00551E8B /* ic_aboutus.png in Resources */ = {isa = PBXBuildFile; fileRef = 172E4BF919C67F9F00551E8B /* ic_aboutus.png */; };
		172E4C2A19C682CE00551E8B /* bgland.jpg in Resources */ = {isa = PBXBuildFile; fileRef = 172E4C2819C682CE00551E8B /* bgland.jpg */; };
		172E4C2B19C682CE00551E8B /* bgport.jpg in Resources */ = {isa = PBXBuildFile; fileRef = 172E4C2919C682CE00551E8B /* bgport.jpg */; };
		172E4C3519C687EC00551E8B /* tab_10ways.png in Resources */ = {isa = PBXBuildFile; fileRef = 172E4C2F19C687EC00551E8B /* tab_10ways.png */; };
		172E4C3619C687EC00551E8B /* tab_company.png in Resources */ = {isa = PBXBuildFile; fileRef = 172E4C3019C687EC00551E8B /* tab_company.png */; };
		172E4C3719C687EC00551E8B /* tab_home.png in Resources */ = {isa = PBXBuildFile; fileRef = 172E4C3119C687EC00551E8B /* tab_home.png */; };
		172E4C3819C687EC00551E8B /* tab_prod_packages.png in Resources */ = {isa = PBXBuildFile; fileRef = 172E4C3219C687EC00551E8B /* tab_prod_packages.png */; };
		172E4C3919C687EC00551E8B /* tab_products.png in Resources */ = {isa = PBXBuildFile; fileRef = 172E4C3319C687EC00551E8B /* tab_products.png */; };
		172E4C3B19C6888E00551E8B /* uno_home_name.png in Resources */ = {isa = PBXBuildFile; fileRef = 172E4C3A19C6888E00551E8B /* uno_home_name.png */; };
		172E4C3F19C691B400551E8B /* FourthViewController.m in Sources */ = {isa = PBXBuildFile; fileRef = 172E4C3E19C691B400551E8B /* FourthViewController.m */; };
		172E4C4119C691D100551E8B /* FifthViewController.m in Sources */ = {isa = PBXBuildFile; fileRef = 172E4C4019C691D100551E8B /* FifthViewController.m */; };
		172E4C4319C694CC00551E8B /* tab_videos.png in Resources */ = {isa = PBXBuildFile; fileRef = 172E4C4219C694CC00551E8B /* tab_videos.png */; };
		172F30E61A08573F001BD713 /* DetailsViewController.m in Sources */ = {isa = PBXBuildFile; fileRef = 172F30E51A08573F001BD713 /* DetailsViewController.m */; };
		1730133B1A245CF3006F66FE /* Contents.json in Resources */ = {isa = PBXBuildFile; fileRef = 1730132A1A245CF3006F66FE /* Contents.json */; };
		1730133C1A245CF3006F66FE /* Icon-40.png in Resources */ = {isa = PBXBuildFile; fileRef = 1730132B1A245CF3006F66FE /* Icon-40.png */; };
		1730133D1A245CF3006F66FE /* Icon-40@2x.png in Resources */ = {isa = PBXBuildFile; fileRef = 1730132C1A245CF3006F66FE /* Icon-40@2x.png */; };
		1730133E1A245CF3006F66FE /* Icon-40@3x.png in Resources */ = {isa = PBXBuildFile; fileRef = 1730132D1A245CF3006F66FE /* Icon-40@3x.png */; };
		1730133F1A245CF3006F66FE /* Icon-60@2x.png in Resources */ = {isa = PBXBuildFile; fileRef = 1730132E1A245CF3006F66FE /* Icon-60@2x.png */; };
		173013401A245CF3006F66FE /* Icon-60@3x.png in Resources */ = {isa = PBXBuildFile; fileRef = 1730132F1A245CF3006F66FE /* Icon-60@3x.png */; };
		173013411A245CF3006F66FE /* Icon-72.png in Resources */ = {isa = PBXBuildFile; fileRef = 173013301A245CF3006F66FE /* Icon-72.png */; };
		173013421A245CF3006F66FE /* Icon-72@2x.png in Resources */ = {isa = PBXBuildFile; fileRef = 173013311A245CF3006F66FE /* Icon-72@2x.png */; };
		173013431A245CF3006F66FE /* Icon-76.png in Resources */ = {isa = PBXBuildFile; fileRef = 173013321A245CF3006F66FE /* Icon-76.png */; };
		173013441A245CF3006F66FE /* Icon-76@2x.png in Resources */ = {isa = PBXBuildFile; fileRef = 173013331A245CF3006F66FE /* Icon-76@2x.png */; };
		173013451A245CF3006F66FE /* Icon-Small-50.png in Resources */ = {isa = PBXBuildFile; fileRef = 173013341A245CF3006F66FE /* Icon-Small-50.png */; };
		173013461A245CF3006F66FE /* Icon-Small-50@2x.png in Resources */ = {isa = PBXBuildFile; fileRef = 173013351A245CF3006F66FE /* Icon-Small-50@2x.png */; };
		173013471A245CF3006F66FE /* Icon-Small.png in Resources */ = {isa = PBXBuildFile; fileRef = 173013361A245CF3006F66FE /* Icon-Small.png */; };
		173013481A245CF3006F66FE /* Icon-Small@2x.png in Resources */ = {isa = PBXBuildFile; fileRef = 173013371A245CF3006F66FE /* Icon-Small@2x.png */; };
		173013491A245CF3006F66FE /* Icon-Small@3x.png in Resources */ = {isa = PBXBuildFile; fileRef = 173013381A245CF3006F66FE /* Icon-Small@3x.png */; };
		1730134A1A245CF3006F66FE /* Icon.png in Resources */ = {isa = PBXBuildFile; fileRef = 173013391A245CF3006F66FE /* Icon.png */; };
		1730134B1A245CF3006F66FE /* Icon@2x.png in Resources */ = {isa = PBXBuildFile; fileRef = 1730133A1A245CF3006F66FE /* Icon@2x.png */; };
		1730134F1A24607F006F66FE /* Images-3.xcassets in Resources */ = {isa = PBXBuildFile; fileRef = 1730134E1A24607F006F66FE /* Images-3.xcassets */; };
		173013511A246A84006F66FE /* uno_home_black.png in Resources */ = {isa = PBXBuildFile; fileRef = 173013501A246A84006F66FE /* uno_home_black.png */; };
		174156421AB7017E008499EE /* member_login.png in Resources */ = {isa = PBXBuildFile; fileRef = 174156411AB7017E008499EE /* member_login.png */; };
		1741564D1AB70D8C008499EE /* libz.1.2.5.dylib in Frameworks */ = {isa = PBXBuildFile; fileRef = 1741564C1AB70D8C008499EE /* libz.1.2.5.dylib */; };
		175CED1B19C2FDAC00C20753 /* MediaPlayer.framework in Frameworks */ = {isa = PBXBuildFile; fileRef = 175CED1A19C2FDAC00C20753 /* MediaPlayer.framework */; };
		175CED2119C30A4D00C20753 /* SplashViewController.m in Sources */ = {isa = PBXBuildFile; fileRef = 175CED2019C30A4D00C20753 /* SplashViewController.m */; };
		1776ED3E1AA46AAF0094C05C /* uno_home_white.png in Resources */ = {isa = PBXBuildFile; fileRef = 1776ED3D1AA46AAF0094C05C /* uno_home_white.png */; };
		1778D9F81AAD04D5000A85C2 /* aboutBG.jpg in Resources */ = {isa = PBXBuildFile; fileRef = 1778D9F41AAD04D5000A85C2 /* aboutBG.jpg */; };
		1778D9F91AAD04D5000A85C2 /* mainBG.jpg in Resources */ = {isa = PBXBuildFile; fileRef = 1778D9F51AAD04D5000A85C2 /* mainBG.jpg */; };
		1778D9FA1AAD04D5000A85C2 /* productsBG.jpg in Resources */ = {isa = PBXBuildFile; fileRef = 1778D9F61AAD04D5000A85C2 /* productsBG.jpg */; };
		1778D9FB1AAD04D5000A85C2 /* tenwaysBG.jpg in Resources */ = {isa = PBXBuildFile; fileRef = 1778D9F71AAD04D5000A85C2 /* tenwaysBG.jpg */; };
		177F0CAC1AB659CF00B41A55 /* tenwaysPH.png in Resources */ = {isa = PBXBuildFile; fileRef = 177F0CAA1AB659CF00B41A55 /* tenwaysPH.png */; };
		177F0CAD1AB659CF00B41A55 /* tenwaysUS.png in Resources */ = {isa = PBXBuildFile; fileRef = 177F0CAB1AB659CF00B41A55 /* tenwaysUS.png */; };
		177F0CB01AB65A4400B41A55 /* TenWaysViewController.m in Sources */ = {isa = PBXBuildFile; fileRef = 177F0CAF1AB65A4400B41A55 /* TenWaysViewController.m */; };
		177F0CBF1AB65E6F00B41A55 /* p001.jpg in Resources */ = {isa = PBXBuildFile; fileRef = 177F0CB11AB65E6F00B41A55 /* p001.jpg */; };
		177F0CC01AB65E6F00B41A55 /* p002.jpg in Resources */ = {isa = PBXBuildFile; fileRef = 177F0CB21AB65E6F00B41A55 /* p002.jpg */; };
		177F0CC11AB65E6F00B41A55 /* p003.jpg in Resources */ = {isa = PBXBuildFile; fileRef = 177F0CB31AB65E6F00B41A55 /* p003.jpg */; };
		177F0CC21AB65E6F00B41A55 /* p004.jpg in Resources */ = {isa = PBXBuildFile; fileRef = 177F0CB41AB65E6F00B41A55 /* p004.jpg */; };
		177F0CC31AB65E6F00B41A55 /* p005.jpg in Resources */ = {isa = PBXBuildFile; fileRef = 177F0CB51AB65E6F00B41A55 /* p005.jpg */; };
		177F0CC41AB65E6F00B41A55 /* p006.jpg in Resources */ = {isa = PBXBuildFile; fileRef = 177F0CB61AB65E6F00B41A55 /* p006.jpg */; };
		177F0CC51AB65E6F00B41A55 /* p007.jpg in Resources */ = {isa = PBXBuildFile; fileRef = 177F0CB71AB65E6F00B41A55 /* p007.jpg */; };
		177F0CC61AB65E6F00B41A55 /* p008.jpg in Resources */ = {isa = PBXBuildFile; fileRef = 177F0CB81AB65E6F00B41A55 /* p008.jpg */; };
		177F0CC71AB65E6F00B41A55 /* p009.jpg in Resources */ = {isa = PBXBuildFile; fileRef = 177F0CB91AB65E6F00B41A55 /* p009.jpg */; };
		177F0CC81AB65E6F00B41A55 /* p010.jpg in Resources */ = {isa = PBXBuildFile; fileRef = 177F0CBA1AB65E6F00B41A55 /* p010.jpg */; };
		177F0CC91AB65E6F00B41A55 /* p011.jpg in Resources */ = {isa = PBXBuildFile; fileRef = 177F0CBB1AB65E6F00B41A55 /* p011.jpg */; };
		177F0CCA1AB65E6F00B41A55 /* p012.jpg in Resources */ = {isa = PBXBuildFile; fileRef = 177F0CBC1AB65E6F00B41A55 /* p012.jpg */; };
		177F0CCB1AB65E6F00B41A55 /* p013.jpg in Resources */ = {isa = PBXBuildFile; fileRef = 177F0CBD1AB65E6F00B41A55 /* p013.jpg */; };
		177F0CCC1AB65E6F00B41A55 /* p014.jpg in Resources */ = {isa = PBXBuildFile; fileRef = 177F0CBE1AB65E6F00B41A55 /* p014.jpg */; };
		177F0CDB1AB65F0200B41A55 /* i001.jpg in Resources */ = {isa = PBXBuildFile; fileRef = 177F0CCD1AB65F0200B41A55 /* i001.jpg */; };
		177F0CDC1AB65F0200B41A55 /* i002.jpg in Resources */ = {isa = PBXBuildFile; fileRef = 177F0CCE1AB65F0200B41A55 /* i002.jpg */; };
		177F0CDD1AB65F0200B41A55 /* i003.jpg in Resources */ = {isa = PBXBuildFile; fileRef = 177F0CCF1AB65F0200B41A55 /* i003.jpg */; };
		177F0CDE1AB65F0200B41A55 /* i004.jpg in Resources */ = {isa = PBXBuildFile; fileRef = 177F0CD01AB65F0200B41A55 /* i004.jpg */; };
		177F0CDF1AB65F0200B41A55 /* i005.jpg in Resources */ = {isa = PBXBuildFile; fileRef = 177F0CD11AB65F0200B41A55 /* i005.jpg */; };
		177F0CE01AB65F0200B41A55 /* i006.jpg in Resources */ = {isa = PBXBuildFile; fileRef = 177F0CD21AB65F0200B41A55 /* i006.jpg */; };
		177F0CE11AB65F0200B41A55 /* i007.jpg in Resources */ = {isa = PBXBuildFile; fileRef = 177F0CD31AB65F0200B41A55 /* i007.jpg */; };
		177F0CE21AB65F0200B41A55 /* i008.jpg in Resources */ = {isa = PBXBuildFile; fileRef = 177F0CD41AB65F0200B41A55 /* i008.jpg */; };
		177F0CE31AB65F0200B41A55 /* i009.jpg in Resources */ = {isa = PBXBuildFile; fileRef = 177F0CD51AB65F0200B41A55 /* i009.jpg */; };
		177F0CE41AB65F0200B41A55 /* i010.jpg in Resources */ = {isa = PBXBuildFile; fileRef = 177F0CD61AB65F0200B41A55 /* i010.jpg */; };
		177F0CE51AB65F0200B41A55 /* i011.jpg in Resources */ = {isa = PBXBuildFile; fileRef = 177F0CD71AB65F0200B41A55 /* i011.jpg */; };
		177F0CE61AB65F0200B41A55 /* i012.jpg in Resources */ = {isa = PBXBuildFile; fileRef = 177F0CD81AB65F0200B41A55 /* i012.jpg */; };
		177F0CE71AB65F0200B41A55 /* i013.jpg in Resources */ = {isa = PBXBuildFile; fileRef = 177F0CD91AB65F0200B41A55 /* i013.jpg */; };
		177F0CE81AB65F0200B41A55 /* i014.jpg in Resources */ = {isa = PBXBuildFile; fileRef = 177F0CDA1AB65F0200B41A55 /* i014.jpg */; };
		1780B8601AF8770B00DC0FC5 /* ProdPackagesViewController.m in Sources */ = {isa = PBXBuildFile; fileRef = 1780B85F1AF8770B00DC0FC5 /* ProdPackagesViewController.m */; };
		1780B8631AF8775B00DC0FC5 /* buttonprodpackages.png in Resources */ = {isa = PBXBuildFile; fileRef = 1780B8611AF8775B00DC0FC5 /* buttonprodpackages.png */; };
		1780B8641AF8775B00DC0FC5 /* products_packageBG.png in Resources */ = {isa = PBXBuildFile; fileRef = 1780B8621AF8775B00DC0FC5 /* products_packageBG.png */; };
		179F087A1993B6C100DAABA0 /* Foundation.framework in Frameworks */ = {isa = PBXBuildFile; fileRef = 179F08791993B6C100DAABA0 /* Foundation.framework */; };
		179F087C1993B6C100DAABA0 /* CoreGraphics.framework in Frameworks */ = {isa = PBXBuildFile; fileRef = 179F087B1993B6C100DAABA0 /* CoreGraphics.framework */; };
		179F087E1993B6C100DAABA0 /* UIKit.framework in Frameworks */ = {isa = PBXBuildFile; fileRef = 179F087D1993B6C100DAABA0 /* UIKit.framework */; };
		179F08841993B6C100DAABA0 /* InfoPlist.strings in Resources */ = {isa = PBXBuildFile; fileRef = 179F08821993B6C100DAABA0 /* InfoPlist.strings */; };
		179F08861993B6C100DAABA0 /* main.m in Sources */ = {isa = PBXBuildFile; fileRef = 179F08851993B6C100DAABA0 /* main.m */; };
		179F088A1993B6C100DAABA0 /* AppDelegate.m in Sources */ = {isa = PBXBuildFile; fileRef = 179F08891993B6C100DAABA0 /* AppDelegate.m */; };
		179F08931993B6C100DAABA0 /* FirstViewController.m in Sources */ = {isa = PBXBuildFile; fileRef = 179F08921993B6C100DAABA0 /* FirstViewController.m */; };
		179F08961993B6C100DAABA0 /* SecondViewController.m in Sources */ = {isa = PBXBuildFile; fileRef = 179F08951993B6C100DAABA0 /* SecondViewController.m */; };
		179F089F1993B6C100DAABA0 /* XCTest.framework in Frameworks */ = {isa = PBXBuildFile; fileRef = 179F089E1993B6C100DAABA0 /* XCTest.framework */; };
		179F08A01993B6C100DAABA0 /* Foundation.framework in Frameworks */ = {isa = PBXBuildFile; fileRef = 179F08791993B6C100DAABA0 /* Foundation.framework */; };
		179F08A11993B6C100DAABA0 /* UIKit.framework in Frameworks */ = {isa = PBXBuildFile; fileRef = 179F087D1993B6C100DAABA0 /* UIKit.framework */; };
		179F08A91993B6C100DAABA0 /* InfoPlist.strings in Resources */ = {isa = PBXBuildFile; fileRef = 179F08A71993B6C100DAABA0 /* InfoPlist.strings */; };
		179F08AB1993B6C100DAABA0 /* unoTests.m in Sources */ = {isa = PBXBuildFile; fileRef = 179F08AA1993B6C100DAABA0 /* unoTests.m */; };
		17A3FAD61A2434EE00505CD5 /* iTunesArtwork in Resources */ = {isa = PBXBuildFile; fileRef = 17A3FAD41A2434EE00505CD5 /* iTunesArtwork */; };
		17A3FAD71A2434EE00505CD5 /* iTunesArtwork@2x in Resources */ = {isa = PBXBuildFile; fileRef = 17A3FAD51A2434EE00505CD5 /* iTunesArtwork@2x */; };
		17ADEDB51AF85F6C0081CD1E /* tab_packages.png in Resources */ = {isa = PBXBuildFile; fileRef = 17ADEDB41AF85F6C0081CD1E /* tab_packages.png */; };
		17C5C1DF1AA3CA630033C875 /* Main_iPhone.storyboard in Resources */ = {isa = PBXBuildFile; fileRef = 179F088B1993B6C100DAABA0 /* Main_iPhone.storyboard */; };
		17C5C1E01AA3CA6B0033C875 /* Main_iPad.storyboard in Resources */ = {isa = PBXBuildFile; fileRef = 179F088E1993B6C100DAABA0 /* Main_iPad.storyboard */; };
		17CE7E0E1ABC4DC900E1B581 /* LoginViewController.m in Sources */ = {isa = PBXBuildFile; fileRef = 17CE7E0D1ABC4DC900E1B581 /* LoginViewController.m */; };
		17CEC7D819D1810700C84CCB /* LocalModelController.m in Sources */ = {isa = PBXBuildFile; fileRef = 17CEC7D719D1810700C84CCB /* LocalModelController.m */; };
		17CEC7DB19D1811900C84CCB /* LocalDataViewController.m in Sources */ = {isa = PBXBuildFile; fileRef = 17CEC7DA19D1811900C84CCB /* LocalDataViewController.m */; };
		17CEC7DE19D1812400C84CCB /* LocalRootViewController.m in Sources */ = {isa = PBXBuildFile; fileRef = 17CEC7DD19D1812400C84CCB /* LocalRootViewController.m */; };
		17D1730019CA65E000A027DC /* director1.jpg in Resources */ = {isa = PBXBuildFile; fileRef = 17D172FD19CA65E000A027DC /* director1.jpg */; };
		17D1730119CA65E000A027DC /* director2.jpg in Resources */ = {isa = PBXBuildFile; fileRef = 17D172FE19CA65E000A027DC /* director2.jpg */; };
		17D1730219CA65E000A027DC /* director3.jpg in Resources */ = {isa = PBXBuildFile; fileRef = 17D172FF19CA65E000A027DC /* director3.jpg */; };
		17D5D8901AB5CF9800632B74 /* playbutton_big.png in Resources */ = {isa = PBXBuildFile; fileRef = 17D5D88F1AB5CF9800632B74 /* playbutton_big.png */; };
		17E21A4D1AB3AF7D0012A617 /* unopremier_orig.mp4 in Resources */ = {isa = PBXBuildFile; fileRef = 17E21A4C1AB3AF7D0012A617 /* unopremier_orig.mp4 */; };
		17E53EC21AB47B3B0047FB97 /* prod_lejeune.jpg in Resources */ = {isa = PBXBuildFile; fileRef = 17E53EBE1AB47B3B0047FB97 /* prod_lejeune.jpg */; };
		17E53EC31AB47B3B0047FB97 /* prod_nutrifab.jpg in Resources */ = {isa = PBXBuildFile; fileRef = 17E53EBF1AB47B3B0047FB97 /* prod_nutrifab.jpg */; };
		17E53EC41AB47B3B0047FB97 /* prod_procardio.jpg in Resources */ = {isa = PBXBuildFile; fileRef = 17E53EC01AB47B3B0047FB97 /* prod_procardio.jpg */; };
		17E53EC51AB47B3B0047FB97 /* prod_sante8berries.jpg in Resources */ = {isa = PBXBuildFile; fileRef = 17E53EC11AB47B3B0047FB97 /* prod_sante8berries.jpg */; };
		17E53EC91AB522C80047FB97 /* vid_1.png in Resources */ = {isa = PBXBuildFile; fileRef = 17E53EC61AB522C80047FB97 /* vid_1.png */; };
		17E53ECA1AB522C80047FB97 /* vid_2.png in Resources */ = {isa = PBXBuildFile; fileRef = 17E53EC71AB522C80047FB97 /* vid_2.png */; };
		17E53ECB1AB522C80047FB97 /* vid_3.png in Resources */ = {isa = PBXBuildFile; fileRef = 17E53EC81AB522C80047FB97 /* vid_3.png */; };
		17E7AF1219C7CAD6009E5374 /* rotation.png in Resources */ = {isa = PBXBuildFile; fileRef = 17E7AF0F19C7CAD6009E5374 /* rotation.png */; };
		17E7AF1319C7CAD6009E5374 /* swipe.png in Resources */ = {isa = PBXBuildFile; fileRef = 17E7AF1019C7CAD6009E5374 /* swipe.png */; };
		17E7AF1419C7CAD6009E5374 /* tap.png in Resources */ = {isa = PBXBuildFile; fileRef = 17E7AF1119C7CAD6009E5374 /* tap.png */; };
		17F719721AB5730B008F0CB2 /* HomeViewController.m in Sources */ = {isa = PBXBuildFile; fileRef = 17F719711AB5730B008F0CB2 /* HomeViewController.m */; };
		17F719751AB57379008F0CB2 /* YouTubeViewController.m in Sources */ = {isa = PBXBuildFile; fileRef = 17F719741AB57379008F0CB2 /* YouTubeViewController.m */; };
		17FD889C19CB95C100F0706C /* PersonalCareTableViewController.m in Sources */ = {isa = PBXBuildFile; fileRef = 17FD889B19CB95C100F0706C /* PersonalCareTableViewController.m */; };
		17FD889F19CB95F400F0706C /* FoodSupplementTableViewController.m in Sources */ = {isa = PBXBuildFile; fileRef = 17FD889E19CB95F400F0706C /* FoodSupplementTableViewController.m */; };
		17FD88A219CB963600F0706C /* BreakThroughTableViewController.m in Sources */ = {isa = PBXBuildFile; fileRef = 17FD88A119CB963600F0706C /* BreakThroughTableViewController.m */; };
		17FD88A519CC1DE600F0706C /* CompanyViewController.m in Sources */ = {isa = PBXBuildFile; fileRef = 17FD88A419CC1DE600F0706C /* CompanyViewController.m */; };
/* End PBXBuildFile section */

/* Begin PBXContainerItemProxy section */
		179F08A21993B6C100DAABA0 /* PBXContainerItemProxy */ = {
			isa = PBXContainerItemProxy;
			containerPortal = 179F086E1993B6C000DAABA0 /* Project object */;
			proxyType = 1;
			remoteGlobalIDString = 179F08751993B6C000DAABA0;
			remoteInfo = uno;
		};
/* End PBXContainerItemProxy section */

/* Begin PBXFileReference section */
		1700E46A1AA44C3800791EDE /* unopremierBG.jpg */ = {isa = PBXFileReference; lastKnownFileType = image.jpeg; path = unopremierBG.jpg; sourceTree = "<group>"; };
		1705D29D1A248CA300037EA0 /* Nutrifab.png */ = {isa = PBXFileReference; lastKnownFileType = image.png; path = Nutrifab.png; sourceTree = "<group>"; };
		1705D29E1A248CA300037EA0 /* procardio.png */ = {isa = PBXFileReference; lastKnownFileType = image.png; path = procardio.png; sourceTree = "<group>"; };
		1705D29F1A248CA300037EA0 /* sante8berries.png */ = {isa = PBXFileReference; lastKnownFileType = image.png; path = sante8berries.png; sourceTree = "<group>"; };
		170DE1D61A2595C200BC5765 /* button1.png */ = {isa = PBXFileReference; lastKnownFileType = image.png; path = button1.png; sourceTree = "<group>"; };
		170DE1D71A2595C200BC5765 /* button2.png */ = {isa = PBXFileReference; lastKnownFileType = image.png; path = button2.png; sourceTree = "<group>"; };
		170DE1D81A2595C200BC5765 /* button3.png */ = {isa = PBXFileReference; lastKnownFileType = image.png; path = button3.png; sourceTree = "<group>"; };
		170DE1D91A2595C200BC5765 /* button4.png */ = {isa = PBXFileReference; lastKnownFileType = image.png; path = button4.png; sourceTree = "<group>"; };
		170DE1DE1A259A0200BC5765 /* buttonDownload.png */ = {isa = PBXFileReference; lastKnownFileType = image.png; path = buttonDownload.png; sourceTree = "<group>"; };
		170DE1DF1A259A0200BC5765 /* buttonView.png */ = {isa = PBXFileReference; lastKnownFileType = image.png; path = buttonView.png; sourceTree = "<group>"; };
		171496B119CAF26800AC4C3C /* HouseholdTableViewController.h */ = {isa = PBXFileReference; fileEncoding = 4; lastKnownFileType = sourcecode.c.h; path = HouseholdTableViewController.h; sourceTree = "<group>"; };
		171496B219CAF26800AC4C3C /* HouseholdTableViewController.m */ = {isa = PBXFileReference; fileEncoding = 4; lastKnownFileType = sourcecode.c.objc; path = HouseholdTableViewController.m; sourceTree = "<group>"; };
		171496B419CB092900AC4C3C /* HealthyDrinksTableViewController.h */ = {isa = PBXFileReference; fileEncoding = 4; lastKnownFileType = sourcecode.c.h; path = HealthyDrinksTableViewController.h; sourceTree = "<group>"; };
		171496B519CB092900AC4C3C /* HealthyDrinksTableViewController.m */ = {isa = PBXFileReference; fileEncoding = 4; lastKnownFileType = sourcecode.c.objc; path = HealthyDrinksTableViewController.m; sourceTree = "<group>"; };
		171496B719CB0ABC00AC4C3C /* BeautyProductsTableViewController.h */ = {isa = PBXFileReference; fileEncoding = 4; lastKnownFileType = sourcecode.c.h; path = BeautyProductsTableViewController.h; sourceTree = "<group>"; };
		171496B819CB0ABC00AC4C3C /* BeautyProductsTableViewController.m */ = {isa = PBXFileReference; fileEncoding = 4; lastKnownFileType = sourcecode.c.objc; path = BeautyProductsTableViewController.m; sourceTree = "<group>"; };
		17175ED31AB0DBAD0052E1B3 /* lejeune.png */ = {isa = PBXFileReference; lastKnownFileType = image.png; path = lejeune.png; sourceTree = "<group>"; };
		1718595C1AB5CD03006E0764 /* bgVer2.jpg */ = {isa = PBXFileReference; lastKnownFileType = image.jpeg; path = bgVer2.jpg; sourceTree = "<group>"; };
		1721F4DC19CCD55D0087AA29 /* playbutton_small.png */ = {isa = PBXFileReference; lastKnownFileType = image.png; path = playbutton_small.png; sourceTree = "<group>"; };
		1721F4DE19CCDBE60087AA29 /* downloadicon.png */ = {isa = PBXFileReference; lastKnownFileType = image.png; path = downloadicon.png; sourceTree = "<group>"; };
		1721F4E019CCE4430087AA29 /* VideosViewController.h */ = {isa = PBXFileReference; fileEncoding = 4; lastKnownFileType = sourcecode.c.h; path = VideosViewController.h; sourceTree = "<group>"; };
		1721F4E119CCE4430087AA29 /* VideosViewController.m */ = {isa = PBXFileReference; fileEncoding = 4; lastKnownFileType = sourcecode.c.objc; path = VideosViewController.m; sourceTree = "<group>"; };
		1721F4E319CCE9F50087AA29 /* TenWays1ViewController.h */ = {isa = PBXFileReference; fileEncoding = 4; lastKnownFileType = sourcecode.c.h; path = TenWays1ViewController.h; sourceTree = "<group>"; };
		1721F4E419CCE9F50087AA29 /* TenWays1ViewController.m */ = {isa = PBXFileReference; fileEncoding = 4; lastKnownFileType = sourcecode.c.objc; path = TenWays1ViewController.m; sourceTree = "<group>"; };
		1721F4E619CD058C0087AA29 /* swipeleft.png */ = {isa = PBXFileReference; lastKnownFileType = image.png; path = swipeleft.png; sourceTree = "<group>"; };
		1721F4E719CD058D0087AA29 /* swiperight.png */ = {isa = PBXFileReference; lastKnownFileType = image.png; path = swiperight.png; sourceTree = "<group>"; };
		1725E8041A0B236C00AA93BA /* Localizable.strings */ = {isa = PBXFileReference; fileEncoding = 4; lastKnownFileType = text.plist.strings; path = Localizable.strings; sourceTree = "<group>"; };
		172973BF19D20B18004CA9CF /* DataViewController.h */ = {isa = PBXFileReference; fileEncoding = 4; lastKnownFileType = sourcecode.c.h; path = DataViewController.h; sourceTree = "<group>"; };
		172973C019D20B18004CA9CF /* DataViewController.m */ = {isa = PBXFileReference; fileEncoding = 4; lastKnownFileType = sourcecode.c.objc; path = DataViewController.m; sourceTree = "<group>"; };
		172973C119D20B18004CA9CF /* ModelController.h */ = {isa = PBXFileReference; fileEncoding = 4; lastKnownFileType = sourcecode.c.h; path = ModelController.h; sourceTree = "<group>"; };
		172973C219D20B18004CA9CF /* ModelController.m */ = {isa = PBXFileReference; fileEncoding = 4; lastKnownFileType = sourcecode.c.objc; path = ModelController.m; sourceTree = "<group>"; };
		172973C319D20B18004CA9CF /* RootViewController.h */ = {isa = PBXFileReference; fileEncoding = 4; lastKnownFileType = sourcecode.c.h; path = RootViewController.h; sourceTree = "<group>"; };
		172973C419D20B18004CA9CF /* RootViewController.m */ = {isa = PBXFileReference; fileEncoding = 4; lastKnownFileType = sourcecode.c.objc; path = RootViewController.m; sourceTree = "<group>"; };
		172973C819D2711B004CA9CF /* Default-568h@2x.png */ = {isa = PBXFileReference; lastKnownFileType = image.png; path = "Default-568h@2x.png"; sourceTree = "<group>"; };
		1729F46D19D2C81A00B2B2A6 /* DefaultPortrait.png */ = {isa = PBXFileReference; lastKnownFileType = image.png; path = DefaultPortrait.png; sourceTree = "<group>"; };
		1729F47519D2CB0000B2B2A6 /* DefaultLandScape.png */ = {isa = PBXFileReference; lastKnownFileType = image.png; path = DefaultLandScape.png; sourceTree = "<group>"; };
		1729F47619D2CB0000B2B2A6 /* DefaultLandScapeRetina.png */ = {isa = PBXFileReference; lastKnownFileType = image.png; path = DefaultLandScapeRetina.png; sourceTree = "<group>"; };
		1729F47819D2CB0000B2B2A6 /* DefaultPortraitNR.png */ = {isa = PBXFileReference; lastKnownFileType = image.png; path = DefaultPortraitNR.png; sourceTree = "<group>"; };
		172DD8811AB4246C00255D55 /* blankBG.jpg */ = {isa = PBXFileReference; lastKnownFileType = image.jpeg; path = blankBG.jpg; sourceTree = "<group>"; };
		172E4B6A19C6764600551E8B /* ThirdViewController.h */ = {isa = PBXFileReference; fileEncoding = 4; lastKnownFileType = sourcecode.c.h; path = ThirdViewController.h; sourceTree = "<group>"; };
		172E4B6B19C6765300551E8B /* ThirdViewController.m */ = {isa = PBXFileReference; fileEncoding = 4; lastKnownFileType = sourcecode.c.objc; path = ThirdViewController.m; sourceTree = "<group>"; };
		172E4BCA19C67A2500551E8B /* icons_aboutus.png */ = {isa = PBXFileReference; lastKnownFileType = image.png; path = icons_aboutus.png; sourceTree = "<group>"; };
		172E4BCB19C67A2500551E8B /* icons_beautyproducts.png */ = {isa = PBXFileReference; lastKnownFileType = image.png; path = icons_beautyproducts.png; sourceTree = "<group>"; };
		172E4BCC19C67A2500551E8B /* icons_breakthru.png */ = {isa = PBXFileReference; lastKnownFileType = image.png; path = icons_breakthru.png; sourceTree = "<group>"; };
		172E4BCD19C67A2500551E8B /* icons_certificates.png */ = {isa = PBXFileReference; lastKnownFileType = image.png; path = icons_certificates.png; sourceTree = "<group>"; };
		172E4BCE19C67A2500551E8B /* icons_conduct.png */ = {isa = PBXFileReference; lastKnownFileType = image.png; path = icons_conduct.png; sourceTree = "<group>"; };
		172E4BCF19C67A2500551E8B /* icons_contactus.png */ = {isa = PBXFileReference; lastKnownFileType = image.png; path = icons_contactus.png; sourceTree = "<group>"; };
		172E4BD019C67A2500551E8B /* icons_directmatching.png */ = {isa = PBXFileReference; lastKnownFileType = image.png; path = icons_directmatching.png; sourceTree = "<group>"; };
		172E4BD119C67A2500551E8B /* icons_directors.png */ = {isa = PBXFileReference; lastKnownFileType = image.png; path = icons_directors.png; sourceTree = "<group>"; };
		172E4BD219C67A2500551E8B /* icons_directselling.png */ = {isa = PBXFileReference; lastKnownFileType = image.png; path = icons_directselling.png; sourceTree = "<group>"; };
		172E4BD319C67A2500551E8B /* icons_directsponsoring.png */ = {isa = PBXFileReference; lastKnownFileType = image.png; path = icons_directsponsoring.png; sourceTree = "<group>"; };
		172E4BD419C67A2500551E8B /* icons_directunilevel.png */ = {isa = PBXFileReference; lastKnownFileType = image.png; path = icons_directunilevel.png; sourceTree = "<group>"; };
		172E4BD519C67A2500551E8B /* icons_foodsupplement.png */ = {isa = PBXFileReference; lastKnownFileType = image.png; path = icons_foodsupplement.png; sourceTree = "<group>"; };
		172E4BD619C67A2500551E8B /* icons_generationbonus.png */ = {isa = PBXFileReference; lastKnownFileType = image.png; path = icons_generationbonus.png; sourceTree = "<group>"; };
		172E4BD719C67A2500551E8B /* icons_globalprofitsharing.png */ = {isa = PBXFileReference; lastKnownFileType = image.png; path = icons_globalprofitsharing.png; sourceTree = "<group>"; };
		172E4BD819C67A2500551E8B /* icons_healthydrinks.png */ = {isa = PBXFileReference; lastKnownFileType = image.png; path = icons_healthydrinks.png; sourceTree = "<group>"; };
		172E4BD919C67A2500551E8B /* icons_householdproducts.png */ = {isa = PBXFileReference; lastKnownFileType = image.png; path = icons_householdproducts.png; sourceTree = "<group>"; };
		172E4BDA19C67A2500551E8B /* icons_matchingbonus.png */ = {isa = PBXFileReference; lastKnownFileType = image.png; path = icons_matchingbonus.png; sourceTree = "<group>"; };
		172E4BDB19C67A2500551E8B /* icons_mission.png */ = {isa = PBXFileReference; lastKnownFileType = image.png; path = icons_mission.png; sourceTree = "<group>"; };
		172E4BDC19C67A2500551E8B /* icons_multilevelmarketing.png */ = {isa = PBXFileReference; lastKnownFileType = image.png; path = icons_multilevelmarketing.png; sourceTree = "<group>"; };
		172E4BDD19C67A2500551E8B /* icons_peoplecare.png */ = {isa = PBXFileReference; lastKnownFileType = image.png; path = icons_peoplecare.png; sourceTree = "<group>"; };
		172E4BDE19C67A2500551E8B /* icons_supermatching.png */ = {isa = PBXFileReference; lastKnownFileType = image.png; path = icons_supermatching.png; sourceTree = "<group>"; };
		172E4BDF19C67A2500551E8B /* icons_unilevel.png */ = {isa = PBXFileReference; lastKnownFileType = image.png; path = icons_unilevel.png; sourceTree = "<group>"; };
		172E4BE019C67A2500551E8B /* tenways_icon.png */ = {isa = PBXFileReference; lastKnownFileType = image.png; path = tenways_icon.png; sourceTree = "<group>"; };
		172E4BF919C67F9F00551E8B /* ic_aboutus.png */ = {isa = PBXFileReference; lastKnownFileType = image.png; path = ic_aboutus.png; sourceTree = "<group>"; };
		172E4C2819C682CE00551E8B /* bgland.jpg */ = {isa = PBXFileReference; lastKnownFileType = image.jpeg; path = bgland.jpg; sourceTree = "<group>"; };
		172E4C2919C682CE00551E8B /* bgport.jpg */ = {isa = PBXFileReference; lastKnownFileType = image.jpeg; path = bgport.jpg; sourceTree = "<group>"; };
		172E4C2F19C687EC00551E8B /* tab_10ways.png */ = {isa = PBXFileReference; lastKnownFileType = image.png; path = tab_10ways.png; sourceTree = "<group>"; };
		172E4C3019C687EC00551E8B /* tab_company.png */ = {isa = PBXFileReference; lastKnownFileType = image.png; path = tab_company.png; sourceTree = "<group>"; };
		172E4C3119C687EC00551E8B /* tab_home.png */ = {isa = PBXFileReference; lastKnownFileType = image.png; path = tab_home.png; sourceTree = "<group>"; };
		172E4C3219C687EC00551E8B /* tab_prod_packages.png */ = {isa = PBXFileReference; lastKnownFileType = image.png; path = tab_prod_packages.png; sourceTree = "<group>"; };
		172E4C3319C687EC00551E8B /* tab_products.png */ = {isa = PBXFileReference; lastKnownFileType = image.png; path = tab_products.png; sourceTree = "<group>"; };
		172E4C3A19C6888E00551E8B /* uno_home_name.png */ = {isa = PBXFileReference; lastKnownFileType = image.png; path = uno_home_name.png; sourceTree = "<group>"; };
		172E4C3C19C6917A00551E8B /* FourthViewController.h */ = {isa = PBXFileReference; fileEncoding = 4; lastKnownFileType = sourcecode.c.h; path = FourthViewController.h; sourceTree = "<group>"; };
		172E4C3D19C6918300551E8B /* FifthViewController.h */ = {isa = PBXFileReference; fileEncoding = 4; lastKnownFileType = sourcecode.c.h; path = FifthViewController.h; sourceTree = "<group>"; };
		172E4C3E19C691B400551E8B /* FourthViewController.m */ = {isa = PBXFileReference; fileEncoding = 4; lastKnownFileType = sourcecode.c.objc; path = FourthViewController.m; sourceTree = "<group>"; };
		172E4C4019C691D100551E8B /* FifthViewController.m */ = {isa = PBXFileReference; fileEncoding = 4; lastKnownFileType = sourcecode.c.objc; path = FifthViewController.m; sourceTree = "<group>"; };
		172E4C4219C694CC00551E8B /* tab_videos.png */ = {isa = PBXFileReference; lastKnownFileType = image.png; path = tab_videos.png; sourceTree = "<group>"; };
		172E4C6A19C69BF600551E8B /* Default@2x.png */ = {isa = PBXFileReference; lastKnownFileType = image.png; path = "Default@2x.png"; sourceTree = "<group>"; };
		172F30E41A08573F001BD713 /* DetailsViewController.h */ = {isa = PBXFileReference; fileEncoding = 4; lastKnownFileType = sourcecode.c.h; path = DetailsViewController.h; sourceTree = "<group>"; };
		172F30E51A08573F001BD713 /* DetailsViewController.m */ = {isa = PBXFileReference; fileEncoding = 4; lastKnownFileType = sourcecode.c.objc; path = DetailsViewController.m; sourceTree = "<group>"; };
		1730132A1A245CF3006F66FE /* Contents.json */ = {isa = PBXFileReference; fileEncoding = 4; lastKnownFileType = text.json; path = Contents.json; sourceTree = "<group>"; };
		1730132B1A245CF3006F66FE /* Icon-40.png */ = {isa = PBXFileReference; lastKnownFileType = image.png; path = "Icon-40.png"; sourceTree = "<group>"; };
		1730132C1A245CF3006F66FE /* Icon-40@2x.png */ = {isa = PBXFileReference; lastKnownFileType = image.png; path = "Icon-40@2x.png"; sourceTree = "<group>"; };
		1730132D1A245CF3006F66FE /* Icon-40@3x.png */ = {isa = PBXFileReference; lastKnownFileType = image.png; path = "Icon-40@3x.png"; sourceTree = "<group>"; };
		1730132E1A245CF3006F66FE /* Icon-60@2x.png */ = {isa = PBXFileReference; lastKnownFileType = image.png; path = "Icon-60@2x.png"; sourceTree = "<group>"; };
		1730132F1A245CF3006F66FE /* Icon-60@3x.png */ = {isa = PBXFileReference; lastKnownFileType = image.png; path = "Icon-60@3x.png"; sourceTree = "<group>"; };
		173013301A245CF3006F66FE /* Icon-72.png */ = {isa = PBXFileReference; lastKnownFileType = image.png; path = "Icon-72.png"; sourceTree = "<group>"; };
		173013311A245CF3006F66FE /* Icon-72@2x.png */ = {isa = PBXFileReference; lastKnownFileType = image.png; path = "Icon-72@2x.png"; sourceTree = "<group>"; };
		173013321A245CF3006F66FE /* Icon-76.png */ = {isa = PBXFileReference; lastKnownFileType = image.png; path = "Icon-76.png"; sourceTree = "<group>"; };
		173013331A245CF3006F66FE /* Icon-76@2x.png */ = {isa = PBXFileReference; lastKnownFileType = image.png; path = "Icon-76@2x.png"; sourceTree = "<group>"; };
		173013341A245CF3006F66FE /* Icon-Small-50.png */ = {isa = PBXFileReference; lastKnownFileType = image.png; path = "Icon-Small-50.png"; sourceTree = "<group>"; };
		173013351A245CF3006F66FE /* Icon-Small-50@2x.png */ = {isa = PBXFileReference; lastKnownFileType = image.png; path = "Icon-Small-50@2x.png"; sourceTree = "<group>"; };
		173013361A245CF3006F66FE /* Icon-Small.png */ = {isa = PBXFileReference; lastKnownFileType = image.png; path = "Icon-Small.png"; sourceTree = "<group>"; };
		173013371A245CF3006F66FE /* Icon-Small@2x.png */ = {isa = PBXFileReference; lastKnownFileType = image.png; path = "Icon-Small@2x.png"; sourceTree = "<group>"; };
		173013381A245CF3006F66FE /* Icon-Small@3x.png */ = {isa = PBXFileReference; lastKnownFileType = image.png; path = "Icon-Small@3x.png"; sourceTree = "<group>"; };
		173013391A245CF3006F66FE /* Icon.png */ = {isa = PBXFileReference; lastKnownFileType = image.png; path = Icon.png; sourceTree = "<group>"; };
		1730133A1A245CF3006F66FE /* Icon@2x.png */ = {isa = PBXFileReference; lastKnownFileType = image.png; path = "Icon@2x.png"; sourceTree = "<group>"; };
		1730134E1A24607F006F66FE /* Images-3.xcassets */ = {isa = PBXFileReference; lastKnownFileType = folder.assetcatalog; path = "Images-3.xcassets"; sourceTree = "<group>"; };
		173013501A246A84006F66FE /* uno_home_black.png */ = {isa = PBXFileReference; lastKnownFileType = image.png; path = uno_home_black.png; sourceTree = "<group>"; };
		174156411AB7017E008499EE /* member_login.png */ = {isa = PBXFileReference; lastKnownFileType = image.png; path = member_login.png; sourceTree = "<group>"; };
		174156461AB70D59008499EE /* MobileCoreServices.framework */ = {isa = PBXFileReference; lastKnownFileType = wrapper.framework; name = MobileCoreServices.framework; path = System/Library/Frameworks/MobileCoreServices.framework; sourceTree = SDKROOT; };
		174156481AB70D6C008499EE /* SystemConfiguration.framework */ = {isa = PBXFileReference; lastKnownFileType = wrapper.framework; name = SystemConfiguration.framework; path = System/Library/Frameworks/SystemConfiguration.framework; sourceTree = SDKROOT; };
		1741564A1AB70D7A008499EE /* CFNetwork.framework */ = {isa = PBXFileReference; lastKnownFileType = wrapper.framework; name = CFNetwork.framework; path = System/Library/Frameworks/CFNetwork.framework; sourceTree = SDKROOT; };
		1741564C1AB70D8C008499EE /* libz.1.2.5.dylib */ = {isa = PBXFileReference; lastKnownFileType = "compiled.mach-o.dylib"; name = libz.1.2.5.dylib; path = usr/lib/libz.1.2.5.dylib; sourceTree = SDKROOT; };
		175CED1A19C2FDAC00C20753 /* MediaPlayer.framework */ = {isa = PBXFileReference; lastKnownFileType = wrapper.framework; name = MediaPlayer.framework; path = System/Library/Frameworks/MediaPlayer.framework; sourceTree = SDKROOT; };
		175CED1F19C30A4D00C20753 /* SplashViewController.h */ = {isa = PBXFileReference; fileEncoding = 4; lastKnownFileType = sourcecode.c.h; path = SplashViewController.h; sourceTree = "<group>"; };
		175CED2019C30A4D00C20753 /* SplashViewController.m */ = {isa = PBXFileReference; fileEncoding = 4; lastKnownFileType = sourcecode.c.objc; path = SplashViewController.m; sourceTree = "<group>"; };
		1776ED3D1AA46AAF0094C05C /* uno_home_white.png */ = {isa = PBXFileReference; lastKnownFileType = image.png; path = uno_home_white.png; sourceTree = "<group>"; };
		1778D9F41AAD04D5000A85C2 /* aboutBG.jpg */ = {isa = PBXFileReference; lastKnownFileType = image.jpeg; path = aboutBG.jpg; sourceTree = "<group>"; };
		1778D9F51AAD04D5000A85C2 /* mainBG.jpg */ = {isa = PBXFileReference; lastKnownFileType = image.jpeg; path = mainBG.jpg; sourceTree = "<group>"; };
		1778D9F61AAD04D5000A85C2 /* productsBG.jpg */ = {isa = PBXFileReference; lastKnownFileType = image.jpeg; path = productsBG.jpg; sourceTree = "<group>"; };
		1778D9F71AAD04D5000A85C2 /* tenwaysBG.jpg */ = {isa = PBXFileReference; lastKnownFileType = image.jpeg; path = tenwaysBG.jpg; sourceTree = "<group>"; };
		177F0CAA1AB659CF00B41A55 /* tenwaysPH.png */ = {isa = PBXFileReference; lastKnownFileType = image.png; path = tenwaysPH.png; sourceTree = "<group>"; };
		177F0CAB1AB659CF00B41A55 /* tenwaysUS.png */ = {isa = PBXFileReference; lastKnownFileType = image.png; path = tenwaysUS.png; sourceTree = "<group>"; };
		177F0CAE1AB65A4400B41A55 /* TenWaysViewController.h */ = {isa = PBXFileReference; fileEncoding = 4; lastKnownFileType = sourcecode.c.h; path = TenWaysViewController.h; sourceTree = "<group>"; };
		177F0CAF1AB65A4400B41A55 /* TenWaysViewController.m */ = {isa = PBXFileReference; fileEncoding = 4; lastKnownFileType = sourcecode.c.objc; path = TenWaysViewController.m; sourceTree = "<group>"; };
		177F0CB11AB65E6F00B41A55 /* p001.jpg */ = {isa = PBXFileReference; lastKnownFileType = image.jpeg; path = p001.jpg; sourceTree = "<group>"; };
		177F0CB21AB65E6F00B41A55 /* p002.jpg */ = {isa = PBXFileReference; lastKnownFileType = image.jpeg; path = p002.jpg; sourceTree = "<group>"; };
		177F0CB31AB65E6F00B41A55 /* p003.jpg */ = {isa = PBXFileReference; lastKnownFileType = image.jpeg; path = p003.jpg; sourceTree = "<group>"; };
		177F0CB41AB65E6F00B41A55 /* p004.jpg */ = {isa = PBXFileReference; lastKnownFileType = image.jpeg; path = p004.jpg; sourceTree = "<group>"; };
		177F0CB51AB65E6F00B41A55 /* p005.jpg */ = {isa = PBXFileReference; lastKnownFileType = image.jpeg; path = p005.jpg; sourceTree = "<group>"; };
		177F0CB61AB65E6F00B41A55 /* p006.jpg */ = {isa = PBXFileReference; lastKnownFileType = image.jpeg; path = p006.jpg; sourceTree = "<group>"; };
		177F0CB71AB65E6F00B41A55 /* p007.jpg */ = {isa = PBXFileReference; lastKnownFileType = image.jpeg; path = p007.jpg; sourceTree = "<group>"; };
		177F0CB81AB65E6F00B41A55 /* p008.jpg */ = {isa = PBXFileReference; lastKnownFileType = image.jpeg; path = p008.jpg; sourceTree = "<group>"; };
		177F0CB91AB65E6F00B41A55 /* p009.jpg */ = {isa = PBXFileReference; lastKnownFileType = image.jpeg; path = p009.jpg; sourceTree = "<group>"; };
		177F0CBA1AB65E6F00B41A55 /* p010.jpg */ = {isa = PBXFileReference; lastKnownFileType = image.jpeg; path = p010.jpg; sourceTree = "<group>"; };
		177F0CBB1AB65E6F00B41A55 /* p011.jpg */ = {isa = PBXFileReference; lastKnownFileType = image.jpeg; path = p011.jpg; sourceTree = "<group>"; };
		177F0CBC1AB65E6F00B41A55 /* p012.jpg */ = {isa = PBXFileReference; lastKnownFileType = image.jpeg; path = p012.jpg; sourceTree = "<group>"; };
		177F0CBD1AB65E6F00B41A55 /* p013.jpg */ = {isa = PBXFileReference; lastKnownFileType = image.jpeg; path = p013.jpg; sourceTree = "<group>"; };
		177F0CBE1AB65E6F00B41A55 /* p014.jpg */ = {isa = PBXFileReference; lastKnownFileType = image.jpeg; path = p014.jpg; sourceTree = "<group>"; };
		177F0CCD1AB65F0200B41A55 /* i001.jpg */ = {isa = PBXFileReference; lastKnownFileType = image.jpeg; path = i001.jpg; sourceTree = "<group>"; };
		177F0CCE1AB65F0200B41A55 /* i002.jpg */ = {isa = PBXFileReference; lastKnownFileType = image.jpeg; path = i002.jpg; sourceTree = "<group>"; };
		177F0CCF1AB65F0200B41A55 /* i003.jpg */ = {isa = PBXFileReference; lastKnownFileType = image.jpeg; path = i003.jpg; sourceTree = "<group>"; };
		177F0CD01AB65F0200B41A55 /* i004.jpg */ = {isa = PBXFileReference; lastKnownFileType = image.jpeg; path = i004.jpg; sourceTree = "<group>"; };
		177F0CD11AB65F0200B41A55 /* i005.jpg */ = {isa = PBXFileReference; lastKnownFileType = image.jpeg; path = i005.jpg; sourceTree = "<group>"; };
		177F0CD21AB65F0200B41A55 /* i006.jpg */ = {isa = PBXFileReference; lastKnownFileType = image.jpeg; path = i006.jpg; sourceTree = "<group>"; };
		177F0CD31AB65F0200B41A55 /* i007.jpg */ = {isa = PBXFileReference; lastKnownFileType = image.jpeg; path = i007.jpg; sourceTree = "<group>"; };
		177F0CD41AB65F0200B41A55 /* i008.jpg */ = {isa = PBXFileReference; lastKnownFileType = image.jpeg; path = i008.jpg; sourceTree = "<group>"; };
		177F0CD51AB65F0200B41A55 /* i009.jpg */ = {isa = PBXFileReference; lastKnownFileType = image.jpeg; path = i009.jpg; sourceTree = "<group>"; };
		177F0CD61AB65F0200B41A55 /* i010.jpg */ = {isa = PBXFileReference; lastKnownFileType = image.jpeg; path = i010.jpg; sourceTree = "<group>"; };
		177F0CD71AB65F0200B41A55 /* i011.jpg */ = {isa = PBXFileReference; lastKnownFileType = image.jpeg; path = i011.jpg; sourceTree = "<group>"; };
		177F0CD81AB65F0200B41A55 /* i012.jpg */ = {isa = PBXFileReference; lastKnownFileType = image.jpeg; path = i012.jpg; sourceTree = "<group>"; };
		177F0CD91AB65F0200B41A55 /* i013.jpg */ = {isa = PBXFileReference; lastKnownFileType = image.jpeg; path = i013.jpg; sourceTree = "<group>"; };
		177F0CDA1AB65F0200B41A55 /* i014.jpg */ = {isa = PBXFileReference; lastKnownFileType = image.jpeg; path = i014.jpg; sourceTree = "<group>"; };
		1780B85E1AF8770B00DC0FC5 /* ProdPackagesViewController.h */ = {isa = PBXFileReference; fileEncoding = 4; lastKnownFileType = sourcecode.c.h; path = ProdPackagesViewController.h; sourceTree = "<group>"; };
		1780B85F1AF8770B00DC0FC5 /* ProdPackagesViewController.m */ = {isa = PBXFileReference; fileEncoding = 4; lastKnownFileType = sourcecode.c.objc; path = ProdPackagesViewController.m; sourceTree = "<group>"; };
		1780B8611AF8775B00DC0FC5 /* buttonprodpackages.png */ = {isa = PBXFileReference; lastKnownFileType = image.png; path = buttonprodpackages.png; sourceTree = "<group>"; };
		1780B8621AF8775B00DC0FC5 /* products_packageBG.png */ = {isa = PBXFileReference; lastKnownFileType = image.png; path = products_packageBG.png; sourceTree = "<group>"; };
		17880BBC19C5A39B0049E74D /* unosplash.mp4 */ = {isa = PBXFileReference; lastKnownFileType = file; path = unosplash.mp4; sourceTree = "<group>"; };
		179F08761993B6C100DAABA0 /* unopremier.app */ = {isa = PBXFileReference; explicitFileType = wrapper.application; includeInIndex = 0; path = unopremier.app; sourceTree = BUILT_PRODUCTS_DIR; };
		179F08791993B6C100DAABA0 /* Foundation.framework */ = {isa = PBXFileReference; lastKnownFileType = wrapper.framework; name = Foundation.framework; path = System/Library/Frameworks/Foundation.framework; sourceTree = SDKROOT; };
		179F087B1993B6C100DAABA0 /* CoreGraphics.framework */ = {isa = PBXFileReference; lastKnownFileType = wrapper.framework; name = CoreGraphics.framework; path = System/Library/Frameworks/CoreGraphics.framework; sourceTree = SDKROOT; };
		179F087D1993B6C100DAABA0 /* UIKit.framework */ = {isa = PBXFileReference; lastKnownFileType = wrapper.framework; name = UIKit.framework; path = System/Library/Frameworks/UIKit.framework; sourceTree = SDKROOT; };
		179F08811993B6C100DAABA0 /* uno-Info.plist */ = {isa = PBXFileReference; lastKnownFileType = text.plist.xml; path = "uno-Info.plist"; sourceTree = "<group>"; };
		179F08831993B6C100DAABA0 /* en */ = {isa = PBXFileReference; lastKnownFileType = text.plist.strings; name = en; path = en.lproj/InfoPlist.strings; sourceTree = "<group>"; };
		179F08851993B6C100DAABA0 /* main.m */ = {isa = PBXFileReference; lastKnownFileType = sourcecode.c.objc; path = main.m; sourceTree = "<group>"; };
		179F08871993B6C100DAABA0 /* uno-Prefix.pch */ = {isa = PBXFileReference; lastKnownFileType = sourcecode.c.h; path = "uno-Prefix.pch"; sourceTree = "<group>"; };
		179F08881993B6C100DAABA0 /* AppDelegate.h */ = {isa = PBXFileReference; lastKnownFileType = sourcecode.c.h; path = AppDelegate.h; sourceTree = "<group>"; };
		179F08891993B6C100DAABA0 /* AppDelegate.m */ = {isa = PBXFileReference; lastKnownFileType = sourcecode.c.objc; path = AppDelegate.m; sourceTree = "<group>"; };
		179F088C1993B6C100DAABA0 /* Base */ = {isa = PBXFileReference; lastKnownFileType = file.storyboard; name = Base; path = Base.lproj/Main_iPhone.storyboard; sourceTree = "<group>"; };
		179F088F1993B6C100DAABA0 /* Base */ = {isa = PBXFileReference; lastKnownFileType = file.storyboard; name = Base; path = Base.lproj/Main_iPad.storyboard; sourceTree = "<group>"; };
		179F08911993B6C100DAABA0 /* FirstViewController.h */ = {isa = PBXFileReference; lastKnownFileType = sourcecode.c.h; path = FirstViewController.h; sourceTree = "<group>"; };
		179F08921993B6C100DAABA0 /* FirstViewController.m */ = {isa = PBXFileReference; lastKnownFileType = sourcecode.c.objc; path = FirstViewController.m; sourceTree = "<group>"; };
		179F08941993B6C100DAABA0 /* SecondViewController.h */ = {isa = PBXFileReference; lastKnownFileType = sourcecode.c.h; path = SecondViewController.h; sourceTree = "<group>"; };
		179F08951993B6C100DAABA0 /* SecondViewController.m */ = {isa = PBXFileReference; lastKnownFileType = sourcecode.c.objc; path = SecondViewController.m; sourceTree = "<group>"; };
		179F089D1993B6C100DAABA0 /* unoTests.xctest */ = {isa = PBXFileReference; explicitFileType = wrapper.cfbundle; includeInIndex = 0; path = unoTests.xctest; sourceTree = BUILT_PRODUCTS_DIR; };
		179F089E1993B6C100DAABA0 /* XCTest.framework */ = {isa = PBXFileReference; lastKnownFileType = wrapper.framework; name = XCTest.framework; path = Library/Frameworks/XCTest.framework; sourceTree = DEVELOPER_DIR; };
		179F08A61993B6C100DAABA0 /* unoTests-Info.plist */ = {isa = PBXFileReference; lastKnownFileType = text.plist.xml; path = "unoTests-Info.plist"; sourceTree = "<group>"; };
		179F08A81993B6C100DAABA0 /* en */ = {isa = PBXFileReference; lastKnownFileType = text.plist.strings; name = en; path = en.lproj/InfoPlist.strings; sourceTree = "<group>"; };
		179F08AA1993B6C100DAABA0 /* unoTests.m */ = {isa = PBXFileReference; lastKnownFileType = sourcecode.c.objc; path = unoTests.m; sourceTree = "<group>"; };
		17A3FAD41A2434EE00505CD5 /* iTunesArtwork */ = {isa = PBXFileReference; lastKnownFileType = file; path = iTunesArtwork; sourceTree = "<group>"; };
		17A3FAD51A2434EE00505CD5 /* iTunesArtwork@2x */ = {isa = PBXFileReference; lastKnownFileType = file; path = "iTunesArtwork@2x"; sourceTree = "<group>"; };
		17ADEDB41AF85F6C0081CD1E /* tab_packages.png */ = {isa = PBXFileReference; lastKnownFileType = image.png; path = tab_packages.png; sourceTree = "<group>"; };
		17CE7E0C1ABC4DC900E1B581 /* LoginViewController.h */ = {isa = PBXFileReference; fileEncoding = 4; lastKnownFileType = sourcecode.c.h; path = LoginViewController.h; sourceTree = "<group>"; };
		17CE7E0D1ABC4DC900E1B581 /* LoginViewController.m */ = {isa = PBXFileReference; fileEncoding = 4; lastKnownFileType = sourcecode.c.objc; path = LoginViewController.m; sourceTree = "<group>"; };
		17CEC7D619D1810700C84CCB /* LocalModelController.h */ = {isa = PBXFileReference; fileEncoding = 4; lastKnownFileType = sourcecode.c.h; path = LocalModelController.h; sourceTree = "<group>"; };
		17CEC7D719D1810700C84CCB /* LocalModelController.m */ = {isa = PBXFileReference; fileEncoding = 4; lastKnownFileType = sourcecode.c.objc; path = LocalModelController.m; sourceTree = "<group>"; };
		17CEC7D919D1811900C84CCB /* LocalDataViewController.h */ = {isa = PBXFileReference; fileEncoding = 4; lastKnownFileType = sourcecode.c.h; path = LocalDataViewController.h; sourceTree = "<group>"; };
		17CEC7DA19D1811900C84CCB /* LocalDataViewController.m */ = {isa = PBXFileReference; fileEncoding = 4; lastKnownFileType = sourcecode.c.objc; path = LocalDataViewController.m; sourceTree = "<group>"; };
		17CEC7DC19D1812400C84CCB /* LocalRootViewController.h */ = {isa = PBXFileReference; fileEncoding = 4; lastKnownFileType = sourcecode.c.h; path = LocalRootViewController.h; sourceTree = "<group>"; };
		17CEC7DD19D1812400C84CCB /* LocalRootViewController.m */ = {isa = PBXFileReference; fileEncoding = 4; lastKnownFileType = sourcecode.c.objc; path = LocalRootViewController.m; sourceTree = "<group>"; };
		17D172FD19CA65E000A027DC /* director1.jpg */ = {isa = PBXFileReference; lastKnownFileType = image.jpeg; path = director1.jpg; sourceTree = "<group>"; };
		17D172FE19CA65E000A027DC /* director2.jpg */ = {isa = PBXFileReference; lastKnownFileType = image.jpeg; path = director2.jpg; sourceTree = "<group>"; };
		17D172FF19CA65E000A027DC /* director3.jpg */ = {isa = PBXFileReference; lastKnownFileType = image.jpeg; path = director3.jpg; sourceTree = "<group>"; };
		17D5D88F1AB5CF9800632B74 /* playbutton_big.png */ = {isa = PBXFileReference; lastKnownFileType = image.png; path = playbutton_big.png; sourceTree = "<group>"; };
		17E21A4C1AB3AF7D0012A617 /* unopremier_orig.mp4 */ = {isa = PBXFileReference; lastKnownFileType = file; path = unopremier_orig.mp4; sourceTree = "<group>"; };
		17E53EBE1AB47B3B0047FB97 /* prod_lejeune.jpg */ = {isa = PBXFileReference; lastKnownFileType = image.jpeg; path = prod_lejeune.jpg; sourceTree = "<group>"; };
		17E53EBF1AB47B3B0047FB97 /* prod_nutrifab.jpg */ = {isa = PBXFileReference; lastKnownFileType = image.jpeg; path = prod_nutrifab.jpg; sourceTree = "<group>"; };
		17E53EC01AB47B3B0047FB97 /* prod_procardio.jpg */ = {isa = PBXFileReference; lastKnownFileType = image.jpeg; path = prod_procardio.jpg; sourceTree = "<group>"; };
		17E53EC11AB47B3B0047FB97 /* prod_sante8berries.jpg */ = {isa = PBXFileReference; lastKnownFileType = image.jpeg; path = prod_sante8berries.jpg; sourceTree = "<group>"; };
		17E53EC61AB522C80047FB97 /* vid_1.png */ = {isa = PBXFileReference; lastKnownFileType = image.png; path = vid_1.png; sourceTree = "<group>"; };
		17E53EC71AB522C80047FB97 /* vid_2.png */ = {isa = PBXFileReference; lastKnownFileType = image.png; path = vid_2.png; sourceTree = "<group>"; };
		17E53EC81AB522C80047FB97 /* vid_3.png */ = {isa = PBXFileReference; lastKnownFileType = image.png; path = vid_3.png; sourceTree = "<group>"; };
		17E7AF0F19C7CAD6009E5374 /* rotation.png */ = {isa = PBXFileReference; lastKnownFileType = image.png; path = rotation.png; sourceTree = "<group>"; };
		17E7AF1019C7CAD6009E5374 /* swipe.png */ = {isa = PBXFileReference; lastKnownFileType = image.png; path = swipe.png; sourceTree = "<group>"; };
		17E7AF1119C7CAD6009E5374 /* tap.png */ = {isa = PBXFileReference; lastKnownFileType = image.png; path = tap.png; sourceTree = "<group>"; };
		17F719701AB5730A008F0CB2 /* HomeViewController.h */ = {isa = PBXFileReference; fileEncoding = 4; lastKnownFileType = sourcecode.c.h; path = HomeViewController.h; sourceTree = "<group>"; };
		17F719711AB5730B008F0CB2 /* HomeViewController.m */ = {isa = PBXFileReference; fileEncoding = 4; lastKnownFileType = sourcecode.c.objc; path = HomeViewController.m; sourceTree = "<group>"; };
		17F719731AB57376008F0CB2 /* YouTubeViewController.h */ = {isa = PBXFileReference; fileEncoding = 4; lastKnownFileType = sourcecode.c.h; path = YouTubeViewController.h; sourceTree = "<group>"; };
		17F719741AB57379008F0CB2 /* YouTubeViewController.m */ = {isa = PBXFileReference; fileEncoding = 4; lastKnownFileType = sourcecode.c.objc; path = YouTubeViewController.m; sourceTree = "<group>"; };
		17FD889A19CB95C100F0706C /* PersonalCareTableViewController.h */ = {isa = PBXFileReference; fileEncoding = 4; lastKnownFileType = sourcecode.c.h; path = PersonalCareTableViewController.h; sourceTree = "<group>"; };
		17FD889B19CB95C100F0706C /* PersonalCareTableViewController.m */ = {isa = PBXFileReference; fileEncoding = 4; lastKnownFileType = sourcecode.c.objc; path = PersonalCareTableViewController.m; sourceTree = "<group>"; };
		17FD889D19CB95F400F0706C /* FoodSupplementTableViewController.h */ = {isa = PBXFileReference; fileEncoding = 4; lastKnownFileType = sourcecode.c.h; path = FoodSupplementTableViewController.h; sourceTree = "<group>"; };
		17FD889E19CB95F400F0706C /* FoodSupplementTableViewController.m */ = {isa = PBXFileReference; fileEncoding = 4; lastKnownFileType = sourcecode.c.objc; path = FoodSupplementTableViewController.m; sourceTree = "<group>"; };
		17FD88A019CB963600F0706C /* BreakThroughTableViewController.h */ = {isa = PBXFileReference; fileEncoding = 4; lastKnownFileType = sourcecode.c.h; path = BreakThroughTableViewController.h; sourceTree = "<group>"; };
		17FD88A119CB963600F0706C /* BreakThroughTableViewController.m */ = {isa = PBXFileReference; fileEncoding = 4; lastKnownFileType = sourcecode.c.objc; path = BreakThroughTableViewController.m; sourceTree = "<group>"; };
		17FD88A319CC1DE600F0706C /* CompanyViewController.h */ = {isa = PBXFileReference; fileEncoding = 4; lastKnownFileType = sourcecode.c.h; path = CompanyViewController.h; sourceTree = "<group>"; };
		17FD88A419CC1DE600F0706C /* CompanyViewController.m */ = {isa = PBXFileReference; fileEncoding = 4; lastKnownFileType = sourcecode.c.objc; path = CompanyViewController.m; sourceTree = "<group>"; };
/* End PBXFileReference section */

/* Begin PBXFrameworksBuildPhase section */
		179F08731993B6C000DAABA0 /* Frameworks */ = {
			isa = PBXFrameworksBuildPhase;
			buildActionMask = 2147483647;
			files = (
				1741564D1AB70D8C008499EE /* libz.1.2.5.dylib in Frameworks */,
				175CED1B19C2FDAC00C20753 /* MediaPlayer.framework in Frameworks */,
				179F087C1993B6C100DAABA0 /* CoreGraphics.framework in Frameworks */,
				179F087E1993B6C100DAABA0 /* UIKit.framework in Frameworks */,
				179F087A1993B6C100DAABA0 /* Foundation.framework in Frameworks */,
			);
			runOnlyForDeploymentPostprocessing = 0;
		};
		179F089A1993B6C100DAABA0 /* Frameworks */ = {
			isa = PBXFrameworksBuildPhase;
			buildActionMask = 2147483647;
			files = (
				179F089F1993B6C100DAABA0 /* XCTest.framework in Frameworks */,
				179F08A11993B6C100DAABA0 /* UIKit.framework in Frameworks */,
				179F08A01993B6C100DAABA0 /* Foundation.framework in Frameworks */,
			);
			runOnlyForDeploymentPostprocessing = 0;
		};
/* End PBXFrameworksBuildPhase section */

/* Begin PBXGroup section */
		172BD52D19CC4E5000E18BA9 /* ProductArt */ = {
			isa = PBXGroup;
			children = (
				17E53EBE1AB47B3B0047FB97 /* prod_lejeune.jpg */,
				17E53EBF1AB47B3B0047FB97 /* prod_nutrifab.jpg */,
				17E53EC01AB47B3B0047FB97 /* prod_procardio.jpg */,
				17E53EC11AB47B3B0047FB97 /* prod_sante8berries.jpg */,
				17175ED31AB0DBAD0052E1B3 /* lejeune.png */,
				1705D29D1A248CA300037EA0 /* Nutrifab.png */,
				1705D29E1A248CA300037EA0 /* procardio.png */,
				1705D29F1A248CA300037EA0 /* sante8berries.png */,
			);
			name = ProductArt;
			sourceTree = "<group>";
		};
		172E4BC919C67A2500551E8B /* Vectors */ = {
			isa = PBXGroup;
			children = (
				172E4BCA19C67A2500551E8B /* icons_aboutus.png */,
				172E4BCB19C67A2500551E8B /* icons_beautyproducts.png */,
				172E4BCC19C67A2500551E8B /* icons_breakthru.png */,
				172E4BCD19C67A2500551E8B /* icons_certificates.png */,
				172E4BCE19C67A2500551E8B /* icons_conduct.png */,
				172E4BCF19C67A2500551E8B /* icons_contactus.png */,
				172E4BD019C67A2500551E8B /* icons_directmatching.png */,
				172E4BD119C67A2500551E8B /* icons_directors.png */,
				172E4BD219C67A2500551E8B /* icons_directselling.png */,
				172E4BD319C67A2500551E8B /* icons_directsponsoring.png */,
				172E4BD419C67A2500551E8B /* icons_directunilevel.png */,
				172E4BD519C67A2500551E8B /* icons_foodsupplement.png */,
				172E4BD619C67A2500551E8B /* icons_generationbonus.png */,
				172E4BD719C67A2500551E8B /* icons_globalprofitsharing.png */,
				172E4BD819C67A2500551E8B /* icons_healthydrinks.png */,
				172E4BD919C67A2500551E8B /* icons_householdproducts.png */,
				172E4BDA19C67A2500551E8B /* icons_matchingbonus.png */,
				172E4BDB19C67A2500551E8B /* icons_mission.png */,
				172E4BDC19C67A2500551E8B /* icons_multilevelmarketing.png */,
				172E4BDD19C67A2500551E8B /* icons_peoplecare.png */,
				172E4BDE19C67A2500551E8B /* icons_supermatching.png */,
				172E4BDF19C67A2500551E8B /* icons_unilevel.png */,
				172E4BE019C67A2500551E8B /* tenways_icon.png */,
			);
			path = Vectors;
			sourceTree = "<group>";
		};
		172E4BF819C67F9F00551E8B /* icons50 */ = {
			isa = PBXGroup;
			children = (
				172E4BF919C67F9F00551E8B /* ic_aboutus.png */,
			);
			path = icons50;
			sourceTree = "<group>";
		};
		172E4C2719C682B800551E8B /* ImageResources */ = {
			isa = PBXGroup;
			children = (
				174156411AB7017E008499EE /* member_login.png */,
				177F0CAA1AB659CF00B41A55 /* tenwaysPH.png */,
				177F0CAB1AB659CF00B41A55 /* tenwaysUS.png */,
				17D5D88F1AB5CF9800632B74 /* playbutton_big.png */,
				1718595C1AB5CD03006E0764 /* bgVer2.jpg */,
				17E53EC61AB522C80047FB97 /* vid_1.png */,
				17E53EC71AB522C80047FB97 /* vid_2.png */,
				17E53EC81AB522C80047FB97 /* vid_3.png */,
				172DD8811AB4246C00255D55 /* blankBG.jpg */,
				17E21A4C1AB3AF7D0012A617 /* unopremier_orig.mp4 */,
				1778D9F41AAD04D5000A85C2 /* aboutBG.jpg */,
				1778D9F51AAD04D5000A85C2 /* mainBG.jpg */,
				1778D9F61AAD04D5000A85C2 /* productsBG.jpg */,
				1778D9F71AAD04D5000A85C2 /* tenwaysBG.jpg */,
				1776ED3D1AA46AAF0094C05C /* uno_home_white.png */,
				1700E46A1AA44C3800791EDE /* unopremierBG.jpg */,
				1780B8611AF8775B00DC0FC5 /* buttonprodpackages.png */,
				1780B8621AF8775B00DC0FC5 /* products_packageBG.png */,
				170DE1DE1A259A0200BC5765 /* buttonDownload.png */,
				170DE1DF1A259A0200BC5765 /* buttonView.png */,
				170DE1D61A2595C200BC5765 /* button1.png */,
				170DE1D71A2595C200BC5765 /* button2.png */,
				170DE1D81A2595C200BC5765 /* button3.png */,
				170DE1D91A2595C200BC5765 /* button4.png */,
				173013501A246A84006F66FE /* uno_home_black.png */,
				1730134E1A24607F006F66FE /* Images-3.xcassets */,
				173013291A245CF3006F66FE /* AppIcon.appiconset */,
				172973C819D2711B004CA9CF /* Default-568h@2x.png */,
				1729F47519D2CB0000B2B2A6 /* DefaultLandScape.png */,
				1729F47619D2CB0000B2B2A6 /* DefaultLandScapeRetina.png */,
				1729F47819D2CB0000B2B2A6 /* DefaultPortraitNR.png */,
				1729F46D19D2C81A00B2B2A6 /* DefaultPortrait.png */,
				172E4C6A19C69BF600551E8B /* Default@2x.png */,
				17D172FD19CA65E000A027DC /* director1.jpg */,
				17D172FE19CA65E000A027DC /* director2.jpg */,
				17D172FF19CA65E000A027DC /* director3.jpg */,
				172E4C4219C694CC00551E8B /* tab_videos.png */,
				17ADEDB41AF85F6C0081CD1E /* tab_packages.png */,
				172E4C3A19C6888E00551E8B /* uno_home_name.png */,
				172E4C2F19C687EC00551E8B /* tab_10ways.png */,
				172E4C3019C687EC00551E8B /* tab_company.png */,
				172E4C3119C687EC00551E8B /* tab_home.png */,
				172E4C3219C687EC00551E8B /* tab_prod_packages.png */,
				172E4C3319C687EC00551E8B /* tab_products.png */,
				1721F4E619CD058C0087AA29 /* swipeleft.png */,
				1721F4E719CD058D0087AA29 /* swiperight.png */,
				1721F4DE19CCDBE60087AA29 /* downloadicon.png */,
				1721F4DC19CCD55D0087AA29 /* playbutton_small.png */,
				172E4C2819C682CE00551E8B /* bgland.jpg */,
				172E4C2919C682CE00551E8B /* bgport.jpg */,
			);
			name = ImageResources;
			sourceTree = "<group>";
		};
		173013291A245CF3006F66FE /* AppIcon.appiconset */ = {
			isa = PBXGroup;
			children = (
				1730132A1A245CF3006F66FE /* Contents.json */,
				1730132B1A245CF3006F66FE /* Icon-40.png */,
				1730132C1A245CF3006F66FE /* Icon-40@2x.png */,
				1730132D1A245CF3006F66FE /* Icon-40@3x.png */,
				1730132E1A245CF3006F66FE /* Icon-60@2x.png */,
				1730132F1A245CF3006F66FE /* Icon-60@3x.png */,
				173013301A245CF3006F66FE /* Icon-72.png */,
				173013311A245CF3006F66FE /* Icon-72@2x.png */,
				173013321A245CF3006F66FE /* Icon-76.png */,
				173013331A245CF3006F66FE /* Icon-76@2x.png */,
				173013341A245CF3006F66FE /* Icon-Small-50.png */,
				173013351A245CF3006F66FE /* Icon-Small-50@2x.png */,
				173013361A245CF3006F66FE /* Icon-Small.png */,
				173013371A245CF3006F66FE /* Icon-Small@2x.png */,
				173013381A245CF3006F66FE /* Icon-Small@3x.png */,
				173013391A245CF3006F66FE /* Icon.png */,
				1730133A1A245CF3006F66FE /* Icon@2x.png */,
			);
			path = AppIcon.appiconset;
			sourceTree = "<group>";
		};
		179F086D1993B6C000DAABA0 = {
			isa = PBXGroup;
			children = (
				17A3FAD41A2434EE00505CD5 /* iTunesArtwork */,
				17A3FAD51A2434EE00505CD5 /* iTunesArtwork@2x */,
				17880BBC19C5A39B0049E74D /* unosplash.mp4 */,
				1725E8041A0B236C00AA93BA /* Localizable.strings */,
				17E7AF1519C7CAEA009E5374 /* Art */,
				179F08781993B6C100DAABA0 /* Frameworks */,
				172E4BF819C67F9F00551E8B /* icons50 */,
				172E4C2719C682B800551E8B /* ImageResources */,
				172BD52D19CC4E5000E18BA9 /* ProductArt */,
				179F08771993B6C100DAABA0 /* Products */,
				179F087F1993B6C100DAABA0 /* uno */,
				179F08A41993B6C100DAABA0 /* unoTests */,
				172E4BC919C67A2500551E8B /* Vectors */,
			);
			sourceTree = "<group>";
		};
		179F08771993B6C100DAABA0 /* Products */ = {
			isa = PBXGroup;
			children = (
				179F08761993B6C100DAABA0 /* unopremier.app */,
				179F089D1993B6C100DAABA0 /* unoTests.xctest */,
			);
			name = Products;
			sourceTree = "<group>";
		};
		179F08781993B6C100DAABA0 /* Frameworks */ = {
			isa = PBXGroup;
			children = (
				1741564C1AB70D8C008499EE /* libz.1.2.5.dylib */,
				1741564A1AB70D7A008499EE /* CFNetwork.framework */,
				174156481AB70D6C008499EE /* SystemConfiguration.framework */,
				174156461AB70D59008499EE /* MobileCoreServices.framework */,
				175CED1A19C2FDAC00C20753 /* MediaPlayer.framework */,
				179F08791993B6C100DAABA0 /* Foundation.framework */,
				179F087B1993B6C100DAABA0 /* CoreGraphics.framework */,
				179F087D1993B6C100DAABA0 /* UIKit.framework */,
				179F089E1993B6C100DAABA0 /* XCTest.framework */,
			);
			name = Frameworks;
			sourceTree = "<group>";
		};
		179F087F1993B6C100DAABA0 /* uno */ = {
			isa = PBXGroup;
			children = (
				179F08881993B6C100DAABA0 /* AppDelegate.h */,
				179F08891993B6C100DAABA0 /* AppDelegate.m */,
				179F088B1993B6C100DAABA0 /* Main_iPhone.storyboard */,
				179F088E1993B6C100DAABA0 /* Main_iPad.storyboard */,
				17CE7E0C1ABC4DC900E1B581 /* LoginViewController.h */,
				17CE7E0D1ABC4DC900E1B581 /* LoginViewController.m */,
				172973BF19D20B18004CA9CF /* DataViewController.h */,
				172973C019D20B18004CA9CF /* DataViewController.m */,
				172973C119D20B18004CA9CF /* ModelController.h */,
				172973C219D20B18004CA9CF /* ModelController.m */,
				172973C319D20B18004CA9CF /* RootViewController.h */,
				172973C419D20B18004CA9CF /* RootViewController.m */,
				17CEC7DC19D1812400C84CCB /* LocalRootViewController.h */,
				17CEC7DD19D1812400C84CCB /* LocalRootViewController.m */,
				17CEC7D919D1811900C84CCB /* LocalDataViewController.h */,
				17CEC7DA19D1811900C84CCB /* LocalDataViewController.m */,
				17CEC7D619D1810700C84CCB /* LocalModelController.h */,
				17CEC7D719D1810700C84CCB /* LocalModelController.m */,
				179F08911993B6C100DAABA0 /* FirstViewController.h */,
				179F08921993B6C100DAABA0 /* FirstViewController.m */,
				17F719731AB57376008F0CB2 /* YouTubeViewController.h */,
				17F719741AB57379008F0CB2 /* YouTubeViewController.m */,
				17F719701AB5730A008F0CB2 /* HomeViewController.h */,
				17F719711AB5730B008F0CB2 /* HomeViewController.m */,
				179F08941993B6C100DAABA0 /* SecondViewController.h */,
				179F08951993B6C100DAABA0 /* SecondViewController.m */,
				172E4B6A19C6764600551E8B /* ThirdViewController.h */,
				172E4B6B19C6765300551E8B /* ThirdViewController.m */,
				172E4C3C19C6917A00551E8B /* FourthViewController.h */,
				172E4C3E19C691B400551E8B /* FourthViewController.m */,
				172E4C4019C691D100551E8B /* FifthViewController.m */,
				172E4C3D19C6918300551E8B /* FifthViewController.h */,
				177F0CAE1AB65A4400B41A55 /* TenWaysViewController.h */,
				177F0CAF1AB65A4400B41A55 /* TenWaysViewController.m */,
				1721F4E319CCE9F50087AA29 /* TenWays1ViewController.h */,
				1721F4E419CCE9F50087AA29 /* TenWays1ViewController.m */,
				1721F4E019CCE4430087AA29 /* VideosViewController.h */,
				1721F4E119CCE4430087AA29 /* VideosViewController.m */,
				175CED1F19C30A4D00C20753 /* SplashViewController.h */,
				175CED2019C30A4D00C20753 /* SplashViewController.m */,
				17FD88A319CC1DE600F0706C /* CompanyViewController.h */,
				17FD88A419CC1DE600F0706C /* CompanyViewController.m */,
				17FD889919CB920200F0706C /* ProductsClasses */,
				179F08801993B6C100DAABA0 /* Supporting Files */,
				1780B85E1AF8770B00DC0FC5 /* ProdPackagesViewController.h */,
				1780B85F1AF8770B00DC0FC5 /* ProdPackagesViewController.m */,
			);
			path = uno;
			sourceTree = "<group>";
		};
		179F08801993B6C100DAABA0 /* Supporting Files */ = {
			isa = PBXGroup;
			children = (
				179F08811993B6C100DAABA0 /* uno-Info.plist */,
				179F08821993B6C100DAABA0 /* InfoPlist.strings */,
				179F08851993B6C100DAABA0 /* main.m */,
				179F08871993B6C100DAABA0 /* uno-Prefix.pch */,
			);
			name = "Supporting Files";
			sourceTree = "<group>";
		};
		179F08A41993B6C100DAABA0 /* unoTests */ = {
			isa = PBXGroup;
			children = (
				179F08AA1993B6C100DAABA0 /* unoTests.m */,
				179F08A51993B6C100DAABA0 /* Supporting Files */,
			);
			path = unoTests;
			sourceTree = "<group>";
		};
		179F08A51993B6C100DAABA0 /* Supporting Files */ = {
			isa = PBXGroup;
			children = (
				179F08A61993B6C100DAABA0 /* unoTests-Info.plist */,
				179F08A71993B6C100DAABA0 /* InfoPlist.strings */,
			);
			name = "Supporting Files";
			sourceTree = "<group>";
		};
		17CEC7DF19D185A400C84CCB /* TenWaysIntl */ = {
			isa = PBXGroup;
			children = (
				177F0CCD1AB65F0200B41A55 /* i001.jpg */,
				177F0CCE1AB65F0200B41A55 /* i002.jpg */,
				177F0CCF1AB65F0200B41A55 /* i003.jpg */,
				177F0CD01AB65F0200B41A55 /* i004.jpg */,
				177F0CD11AB65F0200B41A55 /* i005.jpg */,
				177F0CD21AB65F0200B41A55 /* i006.jpg */,
				177F0CD31AB65F0200B41A55 /* i007.jpg */,
				177F0CD41AB65F0200B41A55 /* i008.jpg */,
				177F0CD51AB65F0200B41A55 /* i009.jpg */,
				177F0CD61AB65F0200B41A55 /* i010.jpg */,
				177F0CD71AB65F0200B41A55 /* i011.jpg */,
				177F0CD81AB65F0200B41A55 /* i012.jpg */,
				177F0CD91AB65F0200B41A55 /* i013.jpg */,
				177F0CDA1AB65F0200B41A55 /* i014.jpg */,
			);
			name = TenWaysIntl;
			sourceTree = "<group>";
		};
		17CEC81819D185EC00C84CCB /* TenWaysLocal */ = {
			isa = PBXGroup;
			children = (
				177F0CB11AB65E6F00B41A55 /* p001.jpg */,
				177F0CB21AB65E6F00B41A55 /* p002.jpg */,
				177F0CB31AB65E6F00B41A55 /* p003.jpg */,
				177F0CB41AB65E6F00B41A55 /* p004.jpg */,
				177F0CB51AB65E6F00B41A55 /* p005.jpg */,
				177F0CB61AB65E6F00B41A55 /* p006.jpg */,
				177F0CB71AB65E6F00B41A55 /* p007.jpg */,
				177F0CB81AB65E6F00B41A55 /* p008.jpg */,
				177F0CB91AB65E6F00B41A55 /* p009.jpg */,
				177F0CBA1AB65E6F00B41A55 /* p010.jpg */,
				177F0CBB1AB65E6F00B41A55 /* p011.jpg */,
				177F0CBC1AB65E6F00B41A55 /* p012.jpg */,
				177F0CBD1AB65E6F00B41A55 /* p013.jpg */,
				177F0CBE1AB65E6F00B41A55 /* p014.jpg */,
			);
			name = TenWaysLocal;
			sourceTree = "<group>";
		};
		17E7AF1519C7CAEA009E5374 /* Art */ = {
			isa = PBXGroup;
			children = (
				17CEC81819D185EC00C84CCB /* TenWaysLocal */,
				17CEC7DF19D185A400C84CCB /* TenWaysIntl */,
				17E7AF1019C7CAD6009E5374 /* swipe.png */,
				17E7AF1119C7CAD6009E5374 /* tap.png */,
				17E7AF0F19C7CAD6009E5374 /* rotation.png */,
			);
			name = Art;
			sourceTree = "<group>";
		};
		17FD889919CB920200F0706C /* ProductsClasses */ = {
			isa = PBXGroup;
			children = (
				171496B419CB092900AC4C3C /* HealthyDrinksTableViewController.h */,
				171496B519CB092900AC4C3C /* HealthyDrinksTableViewController.m */,
				171496B719CB0ABC00AC4C3C /* BeautyProductsTableViewController.h */,
				171496B819CB0ABC00AC4C3C /* BeautyProductsTableViewController.m */,
				171496B119CAF26800AC4C3C /* HouseholdTableViewController.h */,
				171496B219CAF26800AC4C3C /* HouseholdTableViewController.m */,
				17FD889A19CB95C100F0706C /* PersonalCareTableViewController.h */,
				17FD889B19CB95C100F0706C /* PersonalCareTableViewController.m */,
				17FD889D19CB95F400F0706C /* FoodSupplementTableViewController.h */,
				17FD889E19CB95F400F0706C /* FoodSupplementTableViewController.m */,
				17FD88A019CB963600F0706C /* BreakThroughTableViewController.h */,
				17FD88A119CB963600F0706C /* BreakThroughTableViewController.m */,
				172F30E41A08573F001BD713 /* DetailsViewController.h */,
				172F30E51A08573F001BD713 /* DetailsViewController.m */,
			);
			name = ProductsClasses;
			sourceTree = "<group>";
		};
/* End PBXGroup section */

/* Begin PBXNativeTarget section */
		179F08751993B6C000DAABA0 /* uno */ = {
			isa = PBXNativeTarget;
			buildConfigurationList = 179F08AE1993B6C100DAABA0 /* Build configuration list for PBXNativeTarget "uno" */;
			buildPhases = (
				179F08721993B6C000DAABA0 /* Sources */,
				179F08731993B6C000DAABA0 /* Frameworks */,
				179F08741993B6C000DAABA0 /* Resources */,
			);
			buildRules = (
			);
			dependencies = (
			);
			name = uno;
			productName = uno;
			productReference = 179F08761993B6C100DAABA0 /* unopremier.app */;
			productType = "com.apple.product-type.application";
		};
		179F089C1993B6C100DAABA0 /* unoTests */ = {
			isa = PBXNativeTarget;
			buildConfigurationList = 179F08B11993B6C100DAABA0 /* Build configuration list for PBXNativeTarget "unoTests" */;
			buildPhases = (
				179F08991993B6C100DAABA0 /* Sources */,
				179F089A1993B6C100DAABA0 /* Frameworks */,
				179F089B1993B6C100DAABA0 /* Resources */,
			);
			buildRules = (
			);
			dependencies = (
				179F08A31993B6C100DAABA0 /* PBXTargetDependency */,
			);
			name = unoTests;
			productName = unoTests;
			productReference = 179F089D1993B6C100DAABA0 /* unoTests.xctest */;
			productType = "com.apple.product-type.bundle.unit-test";
		};
/* End PBXNativeTarget section */

/* Begin PBXProject section */
		179F086E1993B6C000DAABA0 /* Project object */ = {
			isa = PBXProject;
			attributes = {
				LastUpgradeCheck = 0600;
				ORGANIZATIONNAME = "Unlimited Network of Opportunities";
				TargetAttributes = {
					179F08751993B6C000DAABA0 = {
						DevelopmentTeam = 2J292TB7A6;
					};
					179F089C1993B6C100DAABA0 = {
						TestTargetID = 179F08751993B6C000DAABA0;
					};
				};
			};
			buildConfigurationList = 179F08711993B6C000DAABA0 /* Build configuration list for PBXProject "Unopremier" */;
			compatibilityVersion = "Xcode 3.2";
			developmentRegion = English;
			hasScannedForEncodings = 0;
			knownRegions = (
				en,
				Base,
			);
			mainGroup = 179F086D1993B6C000DAABA0;
			productRefGroup = 179F08771993B6C100DAABA0 /* Products */;
			projectDirPath = "";
			projectRoot = "";
			targets = (
				179F08751993B6C000DAABA0 /* uno */,
				179F089C1993B6C100DAABA0 /* unoTests */,
			);
		};
/* End PBXProject section */

/* Begin PBXResourcesBuildPhase section */
		179F08741993B6C000DAABA0 /* Resources */ = {
			isa = PBXResourcesBuildPhase;
			buildActionMask = 2147483647;
			files = (
				17C5C1E01AA3CA6B0033C875 /* Main_iPad.storyboard in Resources */,
				17C5C1DF1AA3CA630033C875 /* Main_iPhone.storyboard in Resources */,
				177F0CDC1AB65F0200B41A55 /* i002.jpg in Resources */,
				172E4BE219C67A2500551E8B /* icons_beautyproducts.png in Resources */,
				17E21A4D1AB3AF7D0012A617 /* unopremier_orig.mp4 in Resources */,
				173013431A245CF3006F66FE /* Icon-76.png in Resources */,
				177F0CAC1AB659CF00B41A55 /* tenwaysPH.png in Resources */,
				172E4BF019C67A2500551E8B /* icons_householdproducts.png in Resources */,
				177F0CC91AB65E6F00B41A55 /* p011.jpg in Resources */,
				172E4BF619C67A2500551E8B /* icons_unilevel.png in Resources */,
				177F0CDB1AB65F0200B41A55 /* i001.jpg in Resources */,
				1725E8051A0B236D00AA93BA /* Localizable.strings in Resources */,
				172E4BF719C67A2500551E8B /* tenways_icon.png in Resources */,
				172E4BE819C67A2500551E8B /* icons_directors.png in Resources */,
				172E4C3819C687EC00551E8B /* tab_prod_packages.png in Resources */,
				17D1730119CA65E000A027DC /* director2.jpg in Resources */,
				172E4BE719C67A2500551E8B /* icons_directmatching.png in Resources */,
				177F0CCB1AB65E6F00B41A55 /* p013.jpg in Resources */,
				1729F47E19D2CB0000B2B2A6 /* DefaultPortraitNR.png in Resources */,
				177F0CC71AB65E6F00B41A55 /* p009.jpg in Resources */,
				17ADEDB51AF85F6C0081CD1E /* tab_packages.png in Resources */,
				177F0CC01AB65E6F00B41A55 /* p002.jpg in Resources */,
				177F0CE61AB65F0200B41A55 /* i012.jpg in Resources */,
				17E7AF1419C7CAD6009E5374 /* tap.png in Resources */,
				172E4BE619C67A2500551E8B /* icons_contactus.png in Resources */,
				1705D2A11A248CA300037EA0 /* procardio.png in Resources */,
				17E53EC41AB47B3B0047FB97 /* prod_procardio.jpg in Resources */,
				170DE1DA1A2595C200BC5765 /* button1.png in Resources */,
				17175ED41AB0DBAD0052E1B3 /* lejeune.png in Resources */,
				17E53ECA1AB522C80047FB97 /* vid_2.png in Resources */,
				17A3FAD71A2434EE00505CD5 /* iTunesArtwork@2x in Resources */,
				177F0CBF1AB65E6F00B41A55 /* p001.jpg in Resources */,
				177F0CDF1AB65F0200B41A55 /* i005.jpg in Resources */,
				172E4BF119C67A2500551E8B /* icons_matchingbonus.png in Resources */,
				1700E46B1AA44C3800791EDE /* unopremierBG.jpg in Resources */,
				1721F4DF19CCDBE60087AA29 /* downloadicon.png in Resources */,
				177F0CCA1AB65E6F00B41A55 /* p012.jpg in Resources */,
				1778D9FB1AAD04D5000A85C2 /* tenwaysBG.jpg in Resources */,
				173013491A245CF3006F66FE /* Icon-Small@3x.png in Resources */,
				177F0CE81AB65F0200B41A55 /* i014.jpg in Resources */,
				172E4BE519C67A2500551E8B /* icons_conduct.png in Resources */,
				177F0CE41AB65F0200B41A55 /* i010.jpg in Resources */,
				1776ED3E1AA46AAF0094C05C /* uno_home_white.png in Resources */,
				172E4BEA19C67A2500551E8B /* icons_directsponsoring.png in Resources */,
				1729F47C19D2CB0000B2B2A6 /* DefaultLandScapeRetina.png in Resources */,
				173013451A245CF3006F66FE /* Icon-Small-50.png in Resources */,
				172E4BEC19C67A2500551E8B /* icons_foodsupplement.png in Resources */,
				17E7AF1319C7CAD6009E5374 /* swipe.png in Resources */,
				177F0CC11AB65E6F00B41A55 /* p003.jpg in Resources */,
				177F0CE21AB65F0200B41A55 /* i008.jpg in Resources */,
				173013401A245CF3006F66FE /* Icon-60@3x.png in Resources */,
				173013511A246A84006F66FE /* uno_home_black.png in Resources */,
				170DE1E11A259A0200BC5765 /* buttonView.png in Resources */,
				173013461A245CF3006F66FE /* Icon-Small-50@2x.png in Resources */,
				172E4BF319C67A2500551E8B /* icons_multilevelmarketing.png in Resources */,
				172E4BEB19C67A2500551E8B /* icons_directunilevel.png in Resources */,
				172E4BE919C67A2500551E8B /* icons_directselling.png in Resources */,
				172E4C3919C687EC00551E8B /* tab_products.png in Resources */,
				172E4C2A19C682CE00551E8B /* bgland.jpg in Resources */,
				17E53EC51AB47B3B0047FB97 /* prod_sante8berries.jpg in Resources */,
				17E53EC31AB47B3B0047FB97 /* prod_nutrifab.jpg in Resources */,
				1721F4E819CD058D0087AA29 /* swipeleft.png in Resources */,
				1730134F1A24607F006F66FE /* Images-3.xcassets in Resources */,
				1718595D1AB5CD03006E0764 /* bgVer2.jpg in Resources */,
				172E4BE119C67A2500551E8B /* icons_aboutus.png in Resources */,
				177F0CAD1AB659CF00B41A55 /* tenwaysUS.png in Resources */,
				172E4C1019C67F9F00551E8B /* ic_aboutus.png in Resources */,
				1730133C1A245CF3006F66FE /* Icon-40.png in Resources */,
				1730133D1A245CF3006F66FE /* Icon-40@2x.png in Resources */,
				173013471A245CF3006F66FE /* Icon-Small.png in Resources */,
				1721F4DD19CCD55D0087AA29 /* playbutton_small.png in Resources */,
				172E4C2B19C682CE00551E8B /* bgport.jpg in Resources */,
				1778D9F81AAD04D5000A85C2 /* aboutBG.jpg in Resources */,
				1729F47B19D2CB0000B2B2A6 /* DefaultLandScape.png in Resources */,
				170DE1DD1A2595C200BC5765 /* button4.png in Resources */,
				1705D2A21A248CA300037EA0 /* sante8berries.png in Resources */,
				177F0CC41AB65E6F00B41A55 /* p006.jpg in Resources */,
				177F0CC51AB65E6F00B41A55 /* p007.jpg in Resources */,
				170DE1DC1A2595C200BC5765 /* button3.png in Resources */,
				1729F46E19D2C81A00B2B2A6 /* DefaultPortrait.png in Resources */,
				17D5D8901AB5CF9800632B74 /* playbutton_big.png in Resources */,
				172973C919D2711C004CA9CF /* Default-568h@2x.png in Resources */,
				172E4BF519C67A2500551E8B /* icons_supermatching.png in Resources */,
				174156421AB7017E008499EE /* member_login.png in Resources */,
				177F0CCC1AB65E6F00B41A55 /* p014.jpg in Resources */,
				17D1730219CA65E000A027DC /* director3.jpg in Resources */,
				172E4BF419C67A2500551E8B /* icons_peoplecare.png in Resources */,
				173013481A245CF3006F66FE /* Icon-Small@2x.png in Resources */,
				1730134B1A245CF3006F66FE /* Icon@2x.png in Resources */,
				172E4C3B19C6888E00551E8B /* uno_home_name.png in Resources */,
				172E4BEE19C67A2500551E8B /* icons_globalprofitsharing.png in Resources */,
				177F0CC31AB65E6F00B41A55 /* p005.jpg in Resources */,
				1730134A1A245CF3006F66FE /* Icon.png in Resources */,
				170DE1DB1A2595C200BC5765 /* button2.png in Resources */,
				173013421A245CF3006F66FE /* Icon-72@2x.png in Resources */,
				170DE1E01A259A0200BC5765 /* buttonDownload.png in Resources */,
				177F0CE11AB65F0200B41A55 /* i007.jpg in Resources */,
				177F0CC81AB65E6F00B41A55 /* p010.jpg in Resources */,
				177F0CDD1AB65F0200B41A55 /* i003.jpg in Resources */,
				172E4BF219C67A2500551E8B /* icons_mission.png in Resources */,
				172E4BE319C67A2500551E8B /* icons_breakthru.png in Resources */,
				1780B8631AF8775B00DC0FC5 /* buttonprodpackages.png in Resources */,
				1721F4E919CD058D0087AA29 /* swiperight.png in Resources */,
				1730133B1A245CF3006F66FE /* Contents.json in Resources */,
				1778D9FA1AAD04D5000A85C2 /* productsBG.jpg in Resources */,
				173013411A245CF3006F66FE /* Icon-72.png in Resources */,
				17D1730019CA65E000A027DC /* director1.jpg in Resources */,
				177F0CE01AB65F0200B41A55 /* i006.jpg in Resources */,
				177F0CDE1AB65F0200B41A55 /* i004.jpg in Resources */,
				177F0CE71AB65F0200B41A55 /* i013.jpg in Resources */,
				17A3FAD61A2434EE00505CD5 /* iTunesArtwork in Resources */,
				172E4C3619C687EC00551E8B /* tab_company.png in Resources */,
				1705D2A01A248CA300037EA0 /* Nutrifab.png in Resources */,
				177F0CC21AB65E6F00B41A55 /* p004.jpg in Resources */,
				172E4C3719C687EC00551E8B /* tab_home.png in Resources */,
				1778D9F91AAD04D5000A85C2 /* mainBG.jpg in Resources */,
				17E53EC21AB47B3B0047FB97 /* prod_lejeune.jpg in Resources */,
				17E7AF1219C7CAD6009E5374 /* rotation.png in Resources */,
				1730133E1A245CF3006F66FE /* Icon-40@3x.png in Resources */,
				1780B8641AF8775B00DC0FC5 /* products_packageBG.png in Resources */,
				177F0CE51AB65F0200B41A55 /* i011.jpg in Resources */,
				1730133F1A245CF3006F66FE /* Icon-60@2x.png in Resources */,
				172E4BEF19C67A2500551E8B /* icons_healthydrinks.png in Resources */,
				17E53ECB1AB522C80047FB97 /* vid_3.png in Resources */,
				172E4C4319C694CC00551E8B /* tab_videos.png in Resources */,
				177F0CC61AB65E6F00B41A55 /* p008.jpg in Resources */,
				173013441A245CF3006F66FE /* Icon-76@2x.png in Resources */,
				172E4C3519C687EC00551E8B /* tab_10ways.png in Resources */,
				172DD8821AB4246C00255D55 /* blankBG.jpg in Resources */,
				177F0CE31AB65F0200B41A55 /* i009.jpg in Resources */,
				17E53EC91AB522C80047FB97 /* vid_1.png in Resources */,
				172E4BED19C67A2500551E8B /* icons_generationbonus.png in Resources */,
				179F08841993B6C100DAABA0 /* InfoPlist.strings in Resources */,
				172E4BE419C67A2500551E8B /* icons_certificates.png in Resources */,
			);
			runOnlyForDeploymentPostprocessing = 0;
		};
		179F089B1993B6C100DAABA0 /* Resources */ = {
			isa = PBXResourcesBuildPhase;
			buildActionMask = 2147483647;
			files = (
				179F08A91993B6C100DAABA0 /* InfoPlist.strings in Resources */,
			);
			runOnlyForDeploymentPostprocessing = 0;
		};
/* End PBXResourcesBuildPhase section */

/* Begin PBXSourcesBuildPhase section */
		179F08721993B6C000DAABA0 /* Sources */ = {
			isa = PBXSourcesBuildPhase;
			buildActionMask = 2147483647;
			files = (
				17FD889F19CB95F400F0706C /* FoodSupplementTableViewController.m in Sources */,
				17FD889C19CB95C100F0706C /* PersonalCareTableViewController.m in Sources */,
				172973C719D20B18004CA9CF /* RootViewController.m in Sources */,
				17F719721AB5730B008F0CB2 /* HomeViewController.m in Sources */,
				17CE7E0E1ABC4DC900E1B581 /* LoginViewController.m in Sources */,
				172E4C4119C691D100551E8B /* FifthViewController.m in Sources */,
				171496B319CAF26800AC4C3C /* HouseholdTableViewController.m in Sources */,
				177F0CB01AB65A4400B41A55 /* TenWaysViewController.m in Sources */,
				175CED2119C30A4D00C20753 /* SplashViewController.m in Sources */,
				172973C619D20B18004CA9CF /* ModelController.m in Sources */,
				179F08961993B6C100DAABA0 /* SecondViewController.m in Sources */,
				172E4B6C19C6765300551E8B /* ThirdViewController.m in Sources */,
				179F088A1993B6C100DAABA0 /* AppDelegate.m in Sources */,
				17FD88A519CC1DE600F0706C /* CompanyViewController.m in Sources */,
				171496B619CB092900AC4C3C /* HealthyDrinksTableViewController.m in Sources */,
				172973C519D20B18004CA9CF /* DataViewController.m in Sources */,
				17F719751AB57379008F0CB2 /* YouTubeViewController.m in Sources */,
				17CEC7DB19D1811900C84CCB /* LocalDataViewController.m in Sources */,
				171496B919CB0ABC00AC4C3C /* BeautyProductsTableViewController.m in Sources */,
				172F30E61A08573F001BD713 /* DetailsViewController.m in Sources */,
				1721F4E519CCE9F50087AA29 /* TenWays1ViewController.m in Sources */,
				1780B8601AF8770B00DC0FC5 /* ProdPackagesViewController.m in Sources */,
				1721F4E219CCE4430087AA29 /* VideosViewController.m in Sources */,
				17CEC7DE19D1812400C84CCB /* LocalRootViewController.m in Sources */,
				179F08931993B6C100DAABA0 /* FirstViewController.m in Sources */,
				172E4C3F19C691B400551E8B /* FourthViewController.m in Sources */,
				17CEC7D819D1810700C84CCB /* LocalModelController.m in Sources */,
				179F08861993B6C100DAABA0 /* main.m in Sources */,
				17FD88A219CB963600F0706C /* BreakThroughTableViewController.m in Sources */,
			);
			runOnlyForDeploymentPostprocessing = 0;
		};
		179F08991993B6C100DAABA0 /* Sources */ = {
			isa = PBXSourcesBuildPhase;
			buildActionMask = 2147483647;
			files = (
				179F08AB1993B6C100DAABA0 /* unoTests.m in Sources */,
			);
			runOnlyForDeploymentPostprocessing = 0;
		};
/* End PBXSourcesBuildPhase section */

/* Begin PBXTargetDependency section */
		179F08A31993B6C100DAABA0 /* PBXTargetDependency */ = {
			isa = PBXTargetDependency;
			target = 179F08751993B6C000DAABA0 /* uno */;
			targetProxy = 179F08A21993B6C100DAABA0 /* PBXContainerItemProxy */;
		};
/* End PBXTargetDependency section */

/* Begin PBXVariantGroup section */
		179F08821993B6C100DAABA0 /* InfoPlist.strings */ = {
			isa = PBXVariantGroup;
			children = (
				179F08831993B6C100DAABA0 /* en */,
			);
			name = InfoPlist.strings;
			sourceTree = "<group>";
		};
		179F088B1993B6C100DAABA0 /* Main_iPhone.storyboard */ = {
			isa = PBXVariantGroup;
			children = (
				179F088C1993B6C100DAABA0 /* Base */,
			);
			name = Main_iPhone.storyboard;
			sourceTree = "<group>";
		};
		179F088E1993B6C100DAABA0 /* Main_iPad.storyboard */ = {
			isa = PBXVariantGroup;
			children = (
				179F088F1993B6C100DAABA0 /* Base */,
			);
			name = Main_iPad.storyboard;
			sourceTree = "<group>";
		};
		179F08A71993B6C100DAABA0 /* InfoPlist.strings */ = {
			isa = PBXVariantGroup;
			children = (
				179F08A81993B6C100DAABA0 /* en */,
			);
			name = InfoPlist.strings;
			sourceTree = "<group>";
		};
/* End PBXVariantGroup section */

/* Begin XCBuildConfiguration section */
		179F08AC1993B6C100DAABA0 /* Debug */ = {
			isa = XCBuildConfiguration;
			buildSettings = {
				ALWAYS_SEARCH_USER_PATHS = NO;
				CLANG_CXX_LANGUAGE_STANDARD = "gnu++0x";
				CLANG_CXX_LIBRARY = "libc++";
				CLANG_ENABLE_MODULES = YES;
				CLANG_ENABLE_OBJC_ARC = YES;
				CLANG_WARN_BOOL_CONVERSION = YES;
				CLANG_WARN_CONSTANT_CONVERSION = YES;
				CLANG_WARN_DIRECT_OBJC_ISA_USAGE = YES_ERROR;
				CLANG_WARN_EMPTY_BODY = YES;
				CLANG_WARN_ENUM_CONVERSION = YES;
				CLANG_WARN_INT_CONVERSION = YES;
				CLANG_WARN_OBJC_ROOT_CLASS = YES_ERROR;
				CLANG_WARN__DUPLICATE_METHOD_MATCH = YES;
				CODE_SIGN_IDENTITY = "iPhone Distribution: Herbert Chua (2J292TB7A6)";
				"CODE_SIGN_IDENTITY[sdk=iphoneos*]" = "iPhone Distribution: Herbert Chua (2J292TB7A6)";
				COPY_PHASE_STRIP = NO;
				GCC_C_LANGUAGE_STANDARD = gnu99;
				GCC_DYNAMIC_NO_PIC = NO;
				GCC_OPTIMIZATION_LEVEL = 0;
				GCC_PREPROCESSOR_DEFINITIONS = (
					"DEBUG=1",
					"$(inherited)",
				);
				GCC_SYMBOLS_PRIVATE_EXTERN = NO;
				GCC_WARN_64_TO_32_BIT_CONVERSION = YES;
				GCC_WARN_ABOUT_RETURN_TYPE = YES_ERROR;
				GCC_WARN_UNDECLARED_SELECTOR = YES;
				GCC_WARN_UNINITIALIZED_AUTOS = YES_AGGRESSIVE;
				GCC_WARN_UNUSED_FUNCTION = YES;
				GCC_WARN_UNUSED_VARIABLE = YES;
				IPHONEOS_DEPLOYMENT_TARGET = 7.1;
				ONLY_ACTIVE_ARCH = YES;
				PROVISIONING_PROFILE = "";
				SDKROOT = iphoneos;
				TARGETED_DEVICE_FAMILY = "1,2";
			};
			name = Debug;
		};
		179F08AD1993B6C100DAABA0 /* Release */ = {
			isa = XCBuildConfiguration;
			buildSettings = {
				ALWAYS_SEARCH_USER_PATHS = NO;
				CLANG_CXX_LANGUAGE_STANDARD = "gnu++0x";
				CLANG_CXX_LIBRARY = "libc++";
				CLANG_ENABLE_MODULES = YES;
				CLANG_ENABLE_OBJC_ARC = YES;
				CLANG_WARN_BOOL_CONVERSION = YES;
				CLANG_WARN_CONSTANT_CONVERSION = YES;
				CLANG_WARN_DIRECT_OBJC_ISA_USAGE = YES_ERROR;
				CLANG_WARN_EMPTY_BODY = YES;
				CLANG_WARN_ENUM_CONVERSION = YES;
				CLANG_WARN_INT_CONVERSION = YES;
				CLANG_WARN_OBJC_ROOT_CLASS = YES_ERROR;
				CLANG_WARN__DUPLICATE_METHOD_MATCH = YES;
				CODE_SIGN_IDENTITY = "iPhone Distribution: Herbert Chua (2J292TB7A6)";
				"CODE_SIGN_IDENTITY[sdk=iphoneos*]" = "iPhone Distribution: Herbert Chua (2J292TB7A6)";
				COPY_PHASE_STRIP = YES;
				ENABLE_NS_ASSERTIONS = NO;
				GCC_C_LANGUAGE_STANDARD = gnu99;
				GCC_WARN_64_TO_32_BIT_CONVERSION = YES;
				GCC_WARN_ABOUT_RETURN_TYPE = YES_ERROR;
				GCC_WARN_UNDECLARED_SELECTOR = YES;
				GCC_WARN_UNINITIALIZED_AUTOS = YES_AGGRESSIVE;
				GCC_WARN_UNUSED_FUNCTION = YES;
				GCC_WARN_UNUSED_VARIABLE = YES;
				IPHONEOS_DEPLOYMENT_TARGET = 7.1;
				PROVISIONING_PROFILE = "";
				SDKROOT = iphoneos;
				TARGETED_DEVICE_FAMILY = "1,2";
				VALIDATE_PRODUCT = YES;
			};
			name = Release;
		};
		179F08AF1993B6C100DAABA0 /* Debug */ = {
			isa = XCBuildConfiguration;
			buildSettings = {
				ASSETCATALOG_COMPILER_APPICON_NAME = AppIcon;
				ASSETCATALOG_COMPILER_LAUNCHIMAGE_NAME = "LaunchImage-2";
				CODE_SIGN_IDENTITY = "iPhone Distribution: Herbert Chua (2J292TB7A6)";
				"CODE_SIGN_IDENTITY[sdk=iphoneos*]" = "iPhone Distribution: Herbert Chua (2J292TB7A6)";
				GCC_PRECOMPILE_PREFIX_HEADER = YES;
				GCC_PREFIX_HEADER = "uno/uno-Prefix.pch";
				INFOPLIST_FILE = "uno/uno-Info.plist";
				IPHONEOS_DEPLOYMENT_TARGET = 7.1;
				PLIST_FILE_OUTPUT_FORMAT = XML;
				PRODUCT_NAME = unopremier;
				PROVISIONING_PROFILE = "";
				WRAPPER_EXTENSION = app;
			};
			name = Debug;
		};
		179F08B01993B6C100DAABA0 /* Release */ = {
			isa = XCBuildConfiguration;
			buildSettings = {
				ASSETCATALOG_COMPILER_APPICON_NAME = AppIcon;
				ASSETCATALOG_COMPILER_LAUNCHIMAGE_NAME = "LaunchImage-2";
				CODE_SIGN_IDENTITY = "iPhone Distribution: Herbert Chua (2J292TB7A6)";
				"CODE_SIGN_IDENTITY[sdk=iphoneos*]" = "iPhone Distribution: Herbert Chua (2J292TB7A6)";
				GCC_PRECOMPILE_PREFIX_HEADER = YES;
				GCC_PREFIX_HEADER = "uno/uno-Prefix.pch";
				INFOPLIST_FILE = "uno/uno-Info.plist";
				IPHONEOS_DEPLOYMENT_TARGET = 7.1;
				PLIST_FILE_OUTPUT_FORMAT = XML;
				PRODUCT_NAME = unopremier;
				PROVISIONING_PROFILE = "";
				WRAPPER_EXTENSION = app;
			};
			name = Release;
		};
		179F08B21993B6C100DAABA0 /* Debug */ = {
			isa = XCBuildConfiguration;
			buildSettings = {
				BUNDLE_LOADER = "$(BUILT_PRODUCTS_DIR)/uno.app/uno";
				FRAMEWORK_SEARCH_PATHS = (
					"$(SDKROOT)/Developer/Library/Frameworks",
					"$(inherited)",
					"$(DEVELOPER_FRAMEWORKS_DIR)",
				);
				GCC_PRECOMPILE_PREFIX_HEADER = YES;
				GCC_PREFIX_HEADER = "uno/uno-Prefix.pch";
				GCC_PREPROCESSOR_DEFINITIONS = (
					"DEBUG=1",
					"$(inherited)",
				);
				INFOPLIST_FILE = "unoTests/unoTests-Info.plist";
				PRODUCT_NAME = "$(TARGET_NAME)";
				TEST_HOST = "$(BUNDLE_LOADER)";
				WRAPPER_EXTENSION = xctest;
			};
			name = Debug;
		};
		179F08B31993B6C100DAABA0 /* Release */ = {
			isa = XCBuildConfiguration;
			buildSettings = {
				BUNDLE_LOADER = "$(BUILT_PRODUCTS_DIR)/uno.app/uno";
				FRAMEWORK_SEARCH_PATHS = (
					"$(SDKROOT)/Developer/Library/Frameworks",
					"$(inherited)",
					"$(DEVELOPER_FRAMEWORKS_DIR)",
				);
				GCC_PRECOMPILE_PREFIX_HEADER = YES;
				GCC_PREFIX_HEADER = "uno/uno-Prefix.pch";
				INFOPLIST_FILE = "unoTests/unoTests-Info.plist";
				PRODUCT_NAME = "$(TARGET_NAME)";
				TEST_HOST = "$(BUNDLE_LOADER)";
				WRAPPER_EXTENSION = xctest;
			};
			name = Release;
		};
/* End XCBuildConfiguration section */

/* Begin XCConfigurationList section */
		179F08711993B6C000DAABA0 /* Build configuration list for PBXProject "Unopremier" */ = {
			isa = XCConfigurationList;
			buildConfigurations = (
				179F08AC1993B6C100DAABA0 /* Debug */,
				179F08AD1993B6C100DAABA0 /* Release */,
			);
			defaultConfigurationIsVisible = 0;
			defaultConfigurationName = Release;
		};
		179F08AE1993B6C100DAABA0 /* Build configuration list for PBXNativeTarget "uno" */ = {
			isa = XCConfigurationList;
			buildConfigurations = (
				179F08AF1993B6C100DAABA0 /* Debug */,
				179F08B01993B6C100DAABA0 /* Release */,
			);
			defaultConfigurationIsVisible = 0;
			defaultConfigurationName = Release;
		};
		179F08B11993B6C100DAABA0 /* Build configuration list for PBXNativeTarget "unoTests" */ = {
			isa = XCConfigurationList;
			buildConfigurations = (
				179F08B21993B6C100DAABA0 /* Debug */,
				179F08B31993B6C100DAABA0 /* Release */,
			);
			defaultConfigurationIsVisible = 0;
			defaultConfigurationName = Release;
		};
/* End XCConfigurationList section */
	};
	rootObject = 179F086E1993B6C000DAABA0 /* Project object */;
}
